
Microsoft Visual Studio Solution File, Format Version 12.00
# Visual Studio Version 17
VisualStudioVersion = 17.1.32319.34
MinimumVisualStudioVersion = 10.0.40219.1
Project("{9A19103F-16F7-4668-BE54-9A1E7A4F7556}") = "FOAEA3.Business", "FOAEA3.Business\FOAEA3.Business.csproj", "{BB5519AD-1886-4462-A89A-58AF824EE128}"
EndProject
Project("{9A19103F-16F7-4668-BE54-9A1E7A4F7556}") = "FOAEA3.Resources", "FOAEA3.Resources\FOAEA3.Resources.csproj", "{7D38C63D-F856-4E3A-9899-ED6534E80A64}"
EndProject
Project("{9A19103F-16F7-4668-BE54-9A1E7A4F7556}") = "Operations.CommandLine", "Operations.CommandLine\Operations.CommandLine.csproj", "{1B950C9C-CEFB-47CA-B46C-B2DCBB08D3A2}"
EndProject
Project("{9A19103F-16F7-4668-BE54-9A1E7A4F7556}") = "FOAEA3.Data", "FOAEA3.Data\FOAEA3.Data.csproj", "{AAC45433-965E-4839-AC89-FABCEE4E2413}"
EndProject
Project("{2150E333-8FDC-42A3-9474-1A3956D46DE8}") = "Tests", "Tests", "{171732AE-52EC-46F8-90CD-6BDB7B8B670E}"
EndProject
Project("{9A19103F-16F7-4668-BE54-9A1E7A4F7556}") = "FOAEA3.Business.Tests", "FOAEA3.Business.Tests\FOAEA3.Business.Tests.csproj", "{91A6A037-BD6B-4A16-94C3-9586FB4007CF}"
EndProject
Project("{9A19103F-16F7-4668-BE54-9A1E7A4F7556}") = "FOAEA3.Model", "FOAEA3.Model\FOAEA3.Model.csproj", "{071E10AA-E828-458E-A29A-0DD5F6F58FB4}"
EndProject
Project("{9A19103F-16F7-4668-BE54-9A1E7A4F7556}") = "FOAEA3.API", "FOAEA3.API\FOAEA3.API.csproj", "{C5C75653-D95A-4251-B8DA-301F70166B96}"
EndProject
Project("{9A19103F-16F7-4668-BE54-9A1E7A4F7556}") = "DBHelperCore", "DBHelperCore\DBHelperCore.csproj", "{AC0094D6-3F2D-4A68-AE0D-D321C3D6328B}"
EndProject
Project("{9A19103F-16F7-4668-BE54-9A1E7A4F7556}") = "BackendProcesses.CommandLine", "BackendProcesses.CommandLine\BackendProcesses.CommandLine.csproj", "{E9025BB2-D81C-495D-8359-21AF87A494BB}"
EndProject
Project("{9A19103F-16F7-4668-BE54-9A1E7A4F7556}") = "BackendProcesses.API", "BackendProcesses.API\BackendProcesses.API.csproj", "{47B42CCB-0586-480A-A3DB-141B34571734}"
EndProject
Project("{9A19103F-16F7-4668-BE54-9A1E7A4F7556}") = "BackendProcesses.Business", "BackendProcesses.Business\BackendProcesses.Business.csproj", "{8900D3DB-604F-4A2F-B6ED-A961B5E15C48}"
EndProject
Project("{9A19103F-16F7-4668-BE54-9A1E7A4F7556}") = "FOAEA3.Finance", "FOAEA3.Finance\FOAEA3.Finance.csproj", "{1FB5AA72-B9F2-4643-8862-D272B111E998}"
EndProject
Project("{9A19103F-16F7-4668-BE54-9A1E7A4F7556}") = "FOAEA3.Maintenance.Tables", "FOAEA3.Maintenance.Tables\FOAEA3.Maintenance.Tables.csproj", "{2CE189D4-E7C9-4E0F-8AA5-20108282AEE4}"
EndProject
Project("{9A19103F-16F7-4668-BE54-9A1E7A4F7556}") = "FOAEA3.Maintenance.Data", "FOAEA3.Maintenance.Data\FOAEA3.Maintenance.Data.csproj", "{262D8B76-FC6B-46FE-A6DE-EA68B0D45FA7}"
EndProject
Project("{9A19103F-16F7-4668-BE54-9A1E7A4F7556}") = "FOAEA3.Admin.Users", "FOAEA3.Admin.Users\FOAEA3.Admin.Users.csproj", "{BE2F7563-3AEE-4BE4-BA0E-1AC38A198B2B}"
EndProject
Project("{9A19103F-16F7-4668-BE54-9A1E7A4F7556}") = "BackendProcesses.Business.Tests", "BackendProcesses.Business.Tests\BackendProcesses.Business.Tests.csproj", "{F132EC64-0905-4EC4-BFC8-858E80D2C24E}"
EndProject
Project("{9A19103F-16F7-4668-BE54-9A1E7A4F7556}") = "TestData", "TestData\TestData.csproj", "{E0EFEAA6-6C98-4945-BA80-D010720D002F}"
EndProject
Project("{9A19103F-16F7-4668-BE54-9A1E7A4F7556}") = "FOAEA3.Admin.Business", "FOAEA3.Admin.Business\FOAEA3.Admin.Business.csproj", "{1810B174-E630-4860-B05E-F24BFCC5F2B5}"
EndProject
Project("{9A19103F-16F7-4668-BE54-9A1E7A4F7556}") = "FOAEA3.API.Tracing", "FOAEA3.API.Tracing\FOAEA3.API.Tracing.csproj", "{179F0310-932F-4B0C-BAE1-02B10B279793}"
EndProject
Project("{9A19103F-16F7-4668-BE54-9A1E7A4F7556}") = "FOAEA3.API.Interception", "FOAEA3.API.Interception\FOAEA3.API.Interception.csproj", "{4D7B1CA6-3C02-401E-98A4-C1758FF1E4F3}"
EndProject
Project("{9A19103F-16F7-4668-BE54-9A1E7A4F7556}") = "FOAEA3.API.LicenceDenial", "FOAEA3.API.LicenceDenial\FOAEA3.API.LicenceDenial.csproj", "{94A3406C-AC09-42E4-BFC7-039B69ED5F63}"
EndProject
Project("{2150E333-8FDC-42A3-9474-1A3956D46DE8}") = "FileBroker", "FileBroker", "{1C1C9BAE-8056-48E4-B980-06D1EF2C655D}"
EndProject
Project("{9A19103F-16F7-4668-BE54-9A1E7A4F7556}") = "FileBroker.Data", "FileBroker.Data\FileBroker.Data.csproj", "{45CB9041-7949-4B43-A9F7-4E33D544201F}"
EndProject
Project("{9A19103F-16F7-4668-BE54-9A1E7A4F7556}") = "FileBroker.Model", "FileBroker.Model\FileBroker.Model.csproj", "{51DD54DD-2B6E-4A08-BD4C-2C7EE52A3090}"
EndProject
Project("{9A19103F-16F7-4668-BE54-9A1E7A4F7556}") = "Incoming.Common", "Incoming.Common\Incoming.Common.csproj", "{F186A267-A4E3-4646-9042-B2C5375B1FC4}"
EndProject
Project("{9A19103F-16F7-4668-BE54-9A1E7A4F7556}") = "FileBroker.Business", "FileBroker.Business\FileBroker.Business.csproj", "{595CE312-FC7D-402B-BC20-2FA38A186CCB}"
EndProject
Project("{2150E333-8FDC-42A3-9474-1A3956D46DE8}") = "FileBroker", "FileBroker", "{815F840C-145F-4068-BB12-113494546B5A}"
EndProject
Project("{9A19103F-16F7-4668-BE54-9A1E7A4F7556}") = "FileBroker.Business.Tests", "FileBroker.Business.Tests\FileBroker.Business.Tests.csproj", "{B0784413-6749-445A-9102-E6C566E2C638}"
EndProject
Project("{9A19103F-16F7-4668-BE54-9A1E7A4F7556}") = "FileBroker.Common", "FileBroker.Common\FileBroker.Common.csproj", "{8917D5A5-6801-4368-AACD-BC65A546F19D}"
EndProject
Project("{9A19103F-16F7-4668-BE54-9A1E7A4F7556}") = "Incoming.FileWatcher.Fed.Tracing", "Incoming.FileWatcher.Fed.Tracing\Incoming.FileWatcher.Fed.Tracing.csproj", "{523CD6E9-6D17-4C7B-8889-BE2A2FBEC895}"
EndProject
Project("{9A19103F-16F7-4668-BE54-9A1E7A4F7556}") = "Outgoing.FileCreator.Fed.Tracing", "Outgoing.FileCreator.Fed.Tracing\Outgoing.FileCreator.Fed.Tracing.csproj", "{1E628D9F-F7CB-4BB0-BFB2-E8521546D0F8}"
EndProject
Project("{9A19103F-16F7-4668-BE54-9A1E7A4F7556}") = "Outgoing.FileCreator.MEP", "Outgoing.FileCreator.MEP\Outgoing.FileCreator.MEP.csproj", "{E40AF752-739D-44DD-9D76-4F0610767812}"
EndProject
Project("{9A19103F-16F7-4668-BE54-9A1E7A4F7556}") = "FOAEA3.EmailTools", "FOAEA3.EmailTools\FOAEA3.EmailTools.csproj", "{19A47622-6375-4775-A68E-32F3FBDC4798}"
EndProject
Project("{9A19103F-16F7-4668-BE54-9A1E7A4F7556}") = "FOAEA3.EmailTools.Tests", "FOAEA3.EmailTools.Tests\FOAEA3.EmailTools.Tests.csproj", "{2F351919-565B-430C-816F-8BAB3996E840}"
EndProject
Project("{9A19103F-16F7-4668-BE54-9A1E7A4F7556}") = "FileBroker.Data.Tests", "FileBroker.Data.Tests\FileBroker.Data.Tests.csproj", "{A566E653-F632-498E-9DD1-A03434E82A08}"
EndProject
Project("{9A19103F-16F7-4668-BE54-9A1E7A4F7556}") = "FOAEA3.Web", "FOAEA3.Web\FOAEA3.Web.csproj", "{2CC4F4CA-D764-4C0D-A2C3-E3DEFA59B6CD}"
EndProject
Project("{9A19103F-16F7-4668-BE54-9A1E7A4F7556}") = "FOAEA3.Common", "FOAEA3.Common\FOAEA3.Common.csproj", "{F367DF99-EC46-4550-8A77-AC1F59A5BA8F}"
EndProject
Project("{9A19103F-16F7-4668-BE54-9A1E7A4F7556}") = "FOAEA3.Admin.Web", "FOAEA3.Admin.Web\FOAEA3.Admin.Web.csproj", "{EA193C8E-24D3-432A-9F03-6E66DDFA96A4}"
EndProject
Project("{9A19103F-16F7-4668-BE54-9A1E7A4F7556}") = "Outgoing.FileCreator.Fed.SIN", "Outgoing.FileCreator.Fed.SIN\Outgoing.FileCreator.Fed.SIN.csproj", "{7F22323A-637B-43DF-86F8-07DDFAF9348D}"
EndProject
Project("{2150E333-8FDC-42A3-9474-1A3956D46DE8}") = "documentation", "documentation", "{CA65889E-DE0F-4E71-B8F5-4A723BA9F69E}"
	ProjectSection(SolutionItems) = preProject
		documentation\Incoming_FileWatcher_MEP.md = documentation\Incoming_FileWatcher_MEP.md
		documentation\Overview_ProcessingFederalSinFiles.md = documentation\Overview_ProcessingFederalSinFiles.md
	EndProjectSection
EndProject
Project("{9A19103F-16F7-4668-BE54-9A1E7A4F7556}") = "FileBroker.API.Fed.SIN", "FileBroker.API.Fed.SIN\FileBroker.API.Fed.SIN.csproj", "{5F16F983-80F8-4698-98E7-2EC9360CA183}"
EndProject
Project("{9A19103F-16F7-4668-BE54-9A1E7A4F7556}") = "FileBroker.API.Fed.Tracing", "FileBroker.API.Fed.Tracing\FileBroker.API.Fed.Tracing.csproj", "{D237B2A1-7AAE-4D71-876C-DDFB9217196F}"
EndProject
Project("{9A19103F-16F7-4668-BE54-9A1E7A4F7556}") = "FileBroker.API.MEP.Tracing", "FileBroker.API.MEP.Tracing\FileBroker.API.MEP.Tracing.csproj", "{245FCF12-0820-43FA-927B-46734F83E3E5}"
EndProject
Project("{9A19103F-16F7-4668-BE54-9A1E7A4F7556}") = "Outgoing.FileCreator.Fed.LicenceDenial", "Outgoing.FileCreator.Fed.LicenceDenial\Outgoing.FileCreator.Fed.LicenceDenial.csproj", "{4136246D-C681-4DDD-AA70-A8AEC53EED72}"
EndProject
Project("{9A19103F-16F7-4668-BE54-9A1E7A4F7556}") = "Incoming.FileWatcher.Fed.LicenceDenial", "Incoming.FileWatcher.Fed.LicenceDenial\Incoming.FileWatcher.Fed.LicenceDenial.csproj", "{EEAA64C2-292D-4BD5-AC4B-09E202622E53}"
EndProject
Project("{9A19103F-16F7-4668-BE54-9A1E7A4F7556}") = "FileBroker.API.Fed.LicenceDenial", "FileBroker.API.Fed.LicenceDenial\FileBroker.API.Fed.LicenceDenial.csproj", "{1A01E511-AC78-432F-B091-691C35C0826A}"
EndProject
Project("{9A19103F-16F7-4668-BE54-9A1E7A4F7556}") = "Incoming.FileWatcher.MEP", "Incoming.FileWatcher.MEP\Incoming.FileWatcher.MEP.csproj", "{0AABE5D9-A8BA-4289-B4B4-5E0141A081EE}"
EndProject
Project("{9A19103F-16F7-4668-BE54-9A1E7A4F7556}") = "FileBroker.API.MEP.Interception", "FileBroker.API.MEP.Interception\FileBroker.API.MEP.Interception.csproj", "{37E31B84-D758-4E28-AAB7-00070FD1527E}"
EndProject
Project("{2150E333-8FDC-42A3-9474-1A3956D46DE8}") = "images", "images", "{3710B1B9-3D29-4878-A7C0-7017D52CFFA9}"
	ProjectSection(SolutionItems) = preProject
		documentation\images\IncomingFedSinFile.png = documentation\images\IncomingFedSinFile.png
		documentation\images\OutgoingFedSinFile.png = documentation\images\OutgoingFedSinFile.png
	EndProjectSection
EndProject
Project("{9A19103F-16F7-4668-BE54-9A1E7A4F7556}") = "CompareOldAndNewData.CommandLine", "CompareOldAndNewData.CommandLine\CompareOldAndNewData.CommandLine.csproj", "{51E11DE1-5CA6-4910-B1E4-CA8F5960B4D6}"
EndProject
Project("{9A19103F-16F7-4668-BE54-9A1E7A4F7556}") = "TestRegEx", "TestRegEx\TestRegEx.csproj", "{15441CD0-0ADB-4A72-A4F1-D67B3E4CE168}"
EndProject
Project("{9A19103F-16F7-4668-BE54-9A1E7A4F7556}") = "FileBroker.Web", "FileBroker.Web\FileBroker.Web.csproj", "{1CEDB2AE-9528-46A5-AD60-B0DDDBD4A942}"
EndProject
Project("{9A19103F-16F7-4668-BE54-9A1E7A4F7556}") = "CollectLatestFTPFiles", "CollectLatestFTPFiles\CollectLatestFTPFiles.csproj", "{ECD144E5-2411-4D01-ADF2-E6B01931A553}"
EndProject
Project("{9A19103F-16F7-4668-BE54-9A1E7A4F7556}") = "FileBroker.API.Fed.Interception", "FileBroker.API.Fed.Interception\FileBroker.API.Fed.Interception.csproj", "{70EC9CB3-8DDB-41FD-888A-9589709DFFB0}"
EndProject
Project("{9A19103F-16F7-4668-BE54-9A1E7A4F7556}") = "FileBroker.API.MEP.LicenceDenial", "FileBroker.API.MEP.LicenceDenial\FileBroker.API.MEP.LicenceDenial.csproj", "{8827F98A-7DF2-4E2A-82E7-FA06988C30B8}"
EndProject
Project("{2150E333-8FDC-42A3-9474-1A3956D46DE8}") = "utilities", "utilities", "{A2276EEF-D839-414A-882D-8C92B03C7A5E}"
	ProjectSection(SolutionItems) = preProject
		utilities\SetEnvironmentForFOAEA.cmd = utilities\SetEnvironmentForFOAEA.cmd
		utilities\StartAPIs.cmd = utilities\StartAPIs.cmd
		utilities\StopAPIs.cmd = utilities\StopAPIs.cmd
	EndProjectSection
EndProject
Project("{2150E333-8FDC-42A3-9474-1A3956D46DE8}") = "APIs", "APIs", "{33A95810-1DF1-4EB3-B27B-AE98395364B6}"
EndProject
Project("{9A19103F-16F7-4668-BE54-9A1E7A4F7556}") = "FOAEA3.API.Tests", "FOAEA3.API.Tests\FOAEA3.API.Tests.csproj", "{72EDD86C-8E3A-4FB9-A9D3-DDC8B059F714}"
EndProject
Project("{9A19103F-16F7-4668-BE54-9A1E7A4F7556}") = "TestAsync", "TestAsync\TestAsync.csproj", "{FB8D9EE7-1D0D-418A-8EEC-E1CB314E9BC9}"
EndProject
Project("{9A19103F-16F7-4668-BE54-9A1E7A4F7556}") = "FOAEA3.IdentityManager", "FOAEA3.IdentityProvider\FOAEA3.IdentityManager.csproj", "{FAB2F2A1-2722-44C8-ADEC-A6E5066622CF}"
EndProject
Project("{9A19103F-16F7-4668-BE54-9A1E7A4F7556}") = "FileBroker.API.Account", "FileBroker.API.Account\FileBroker.API.Account.csproj", "{690070AF-8D52-42AF-B4BD-C0A0AC903333}"
EndProject
Project("{FAE04EC0-301F-11D3-BF4B-00C04F79EFBC}") = "TestAPIautoAuthentication", "TestAPIautoAuthentication\TestAPIautoAuthentication.csproj", "{16C77BCD-AFDB-4DE8-B626-18028836101C}"
EndProject
Global
	GlobalSection(SolutionConfigurationPlatforms) = preSolution
		BackendProcesses Debug|Any CPU = BackendProcesses Debug|Any CPU
		Debug|Any CPU = Debug|Any CPU
		FileBroker Debug|Any CPU = FileBroker Debug|Any CPU
		FOAEA Debug|Any CPU = FOAEA Debug|Any CPU
		Ops Debug|Any CPU = Ops Debug|Any CPU
		Release|Any CPU = Release|Any CPU
		Tests|Any CPU = Tests|Any CPU
	EndGlobalSection
	GlobalSection(ProjectConfigurationPlatforms) = postSolution
		{BB5519AD-1886-4462-A89A-58AF824EE128}.BackendProcesses Debug|Any CPU.ActiveCfg = BackendProcesses Debug|Any CPU
		{BB5519AD-1886-4462-A89A-58AF824EE128}.BackendProcesses Debug|Any CPU.Build.0 = BackendProcesses Debug|Any CPU
		{BB5519AD-1886-4462-A89A-58AF824EE128}.Debug|Any CPU.ActiveCfg = Debug|Any CPU
		{BB5519AD-1886-4462-A89A-58AF824EE128}.Debug|Any CPU.Build.0 = Debug|Any CPU
		{BB5519AD-1886-4462-A89A-58AF824EE128}.FileBroker Debug|Any CPU.ActiveCfg = FileBroker Debug|Any CPU
		{BB5519AD-1886-4462-A89A-58AF824EE128}.FileBroker Debug|Any CPU.Build.0 = FileBroker Debug|Any CPU
		{BB5519AD-1886-4462-A89A-58AF824EE128}.FOAEA Debug|Any CPU.ActiveCfg = FOAEA Debug|Any CPU
		{BB5519AD-1886-4462-A89A-58AF824EE128}.FOAEA Debug|Any CPU.Build.0 = FOAEA Debug|Any CPU
		{BB5519AD-1886-4462-A89A-58AF824EE128}.Ops Debug|Any CPU.ActiveCfg = Ops Debug|Any CPU
		{BB5519AD-1886-4462-A89A-58AF824EE128}.Ops Debug|Any CPU.Build.0 = Ops Debug|Any CPU
		{BB5519AD-1886-4462-A89A-58AF824EE128}.Release|Any CPU.ActiveCfg = Release|Any CPU
		{BB5519AD-1886-4462-A89A-58AF824EE128}.Release|Any CPU.Build.0 = Release|Any CPU
		{BB5519AD-1886-4462-A89A-58AF824EE128}.Tests|Any CPU.ActiveCfg = Tests|Any CPU
		{BB5519AD-1886-4462-A89A-58AF824EE128}.Tests|Any CPU.Build.0 = Tests|Any CPU
		{7D38C63D-F856-4E3A-9899-ED6534E80A64}.BackendProcesses Debug|Any CPU.ActiveCfg = BackendProcesses Debug|Any CPU
		{7D38C63D-F856-4E3A-9899-ED6534E80A64}.BackendProcesses Debug|Any CPU.Build.0 = BackendProcesses Debug|Any CPU
		{7D38C63D-F856-4E3A-9899-ED6534E80A64}.Debug|Any CPU.ActiveCfg = Debug|Any CPU
		{7D38C63D-F856-4E3A-9899-ED6534E80A64}.Debug|Any CPU.Build.0 = Debug|Any CPU
		{7D38C63D-F856-4E3A-9899-ED6534E80A64}.FileBroker Debug|Any CPU.ActiveCfg = FileBroker Debug|Any CPU
		{7D38C63D-F856-4E3A-9899-ED6534E80A64}.FileBroker Debug|Any CPU.Build.0 = FileBroker Debug|Any CPU
		{7D38C63D-F856-4E3A-9899-ED6534E80A64}.FOAEA Debug|Any CPU.ActiveCfg = FOAEA Debug|Any CPU
		{7D38C63D-F856-4E3A-9899-ED6534E80A64}.FOAEA Debug|Any CPU.Build.0 = FOAEA Debug|Any CPU
		{7D38C63D-F856-4E3A-9899-ED6534E80A64}.Ops Debug|Any CPU.ActiveCfg = Ops Debug|Any CPU
		{7D38C63D-F856-4E3A-9899-ED6534E80A64}.Ops Debug|Any CPU.Build.0 = Ops Debug|Any CPU
		{7D38C63D-F856-4E3A-9899-ED6534E80A64}.Release|Any CPU.ActiveCfg = Release|Any CPU
		{7D38C63D-F856-4E3A-9899-ED6534E80A64}.Release|Any CPU.Build.0 = Release|Any CPU
		{7D38C63D-F856-4E3A-9899-ED6534E80A64}.Tests|Any CPU.ActiveCfg = Tests|Any CPU
		{7D38C63D-F856-4E3A-9899-ED6534E80A64}.Tests|Any CPU.Build.0 = Tests|Any CPU
		{1B950C9C-CEFB-47CA-B46C-B2DCBB08D3A2}.BackendProcesses Debug|Any CPU.ActiveCfg = BackendProcesses Debug|Any CPU
		{1B950C9C-CEFB-47CA-B46C-B2DCBB08D3A2}.Debug|Any CPU.ActiveCfg = Debug|Any CPU
		{1B950C9C-CEFB-47CA-B46C-B2DCBB08D3A2}.Debug|Any CPU.Build.0 = Debug|Any CPU
		{1B950C9C-CEFB-47CA-B46C-B2DCBB08D3A2}.FileBroker Debug|Any CPU.ActiveCfg = FileBroker Debug|Any CPU
		{1B950C9C-CEFB-47CA-B46C-B2DCBB08D3A2}.FileBroker Debug|Any CPU.Build.0 = FileBroker Debug|Any CPU
		{1B950C9C-CEFB-47CA-B46C-B2DCBB08D3A2}.FOAEA Debug|Any CPU.ActiveCfg = FOAEA Debug|Any CPU
		{1B950C9C-CEFB-47CA-B46C-B2DCBB08D3A2}.Ops Debug|Any CPU.ActiveCfg = Ops Debug|Any CPU
		{1B950C9C-CEFB-47CA-B46C-B2DCBB08D3A2}.Ops Debug|Any CPU.Build.0 = Ops Debug|Any CPU
		{1B950C9C-CEFB-47CA-B46C-B2DCBB08D3A2}.Release|Any CPU.ActiveCfg = Release|Any CPU
		{1B950C9C-CEFB-47CA-B46C-B2DCBB08D3A2}.Release|Any CPU.Build.0 = Release|Any CPU
		{1B950C9C-CEFB-47CA-B46C-B2DCBB08D3A2}.Tests|Any CPU.ActiveCfg = MessageBroker Debug|Any CPU
		{AAC45433-965E-4839-AC89-FABCEE4E2413}.BackendProcesses Debug|Any CPU.ActiveCfg = BackendProcesses Debug|Any CPU
		{AAC45433-965E-4839-AC89-FABCEE4E2413}.BackendProcesses Debug|Any CPU.Build.0 = BackendProcesses Debug|Any CPU
		{AAC45433-965E-4839-AC89-FABCEE4E2413}.Debug|Any CPU.ActiveCfg = Debug|Any CPU
		{AAC45433-965E-4839-AC89-FABCEE4E2413}.Debug|Any CPU.Build.0 = Debug|Any CPU
		{AAC45433-965E-4839-AC89-FABCEE4E2413}.FileBroker Debug|Any CPU.ActiveCfg = FileBroker Debug|Any CPU
		{AAC45433-965E-4839-AC89-FABCEE4E2413}.FileBroker Debug|Any CPU.Build.0 = FileBroker Debug|Any CPU
		{AAC45433-965E-4839-AC89-FABCEE4E2413}.FOAEA Debug|Any CPU.ActiveCfg = FOAEA Debug|Any CPU
		{AAC45433-965E-4839-AC89-FABCEE4E2413}.FOAEA Debug|Any CPU.Build.0 = FOAEA Debug|Any CPU
		{AAC45433-965E-4839-AC89-FABCEE4E2413}.Ops Debug|Any CPU.ActiveCfg = Ops Debug|Any CPU
		{AAC45433-965E-4839-AC89-FABCEE4E2413}.Ops Debug|Any CPU.Build.0 = Ops Debug|Any CPU
		{AAC45433-965E-4839-AC89-FABCEE4E2413}.Release|Any CPU.ActiveCfg = Release|Any CPU
		{AAC45433-965E-4839-AC89-FABCEE4E2413}.Release|Any CPU.Build.0 = Release|Any CPU
		{AAC45433-965E-4839-AC89-FABCEE4E2413}.Tests|Any CPU.ActiveCfg = Tests|Any CPU
		{AAC45433-965E-4839-AC89-FABCEE4E2413}.Tests|Any CPU.Build.0 = Tests|Any CPU
		{91A6A037-BD6B-4A16-94C3-9586FB4007CF}.BackendProcesses Debug|Any CPU.ActiveCfg = Debug|Any CPU
		{91A6A037-BD6B-4A16-94C3-9586FB4007CF}.Debug|Any CPU.ActiveCfg = Debug|Any CPU
		{91A6A037-BD6B-4A16-94C3-9586FB4007CF}.Debug|Any CPU.Build.0 = Debug|Any CPU
		{91A6A037-BD6B-4A16-94C3-9586FB4007CF}.FileBroker Debug|Any CPU.ActiveCfg = Debug|Any CPU
		{91A6A037-BD6B-4A16-94C3-9586FB4007CF}.FOAEA Debug|Any CPU.ActiveCfg = Debug|Any CPU
		{91A6A037-BD6B-4A16-94C3-9586FB4007CF}.Ops Debug|Any CPU.ActiveCfg = Debug|Any CPU
		{91A6A037-BD6B-4A16-94C3-9586FB4007CF}.Release|Any CPU.ActiveCfg = Release|Any CPU
		{91A6A037-BD6B-4A16-94C3-9586FB4007CF}.Release|Any CPU.Build.0 = Release|Any CPU
		{91A6A037-BD6B-4A16-94C3-9586FB4007CF}.Tests|Any CPU.ActiveCfg = Tests|Any CPU
		{91A6A037-BD6B-4A16-94C3-9586FB4007CF}.Tests|Any CPU.Build.0 = Tests|Any CPU
		{071E10AA-E828-458E-A29A-0DD5F6F58FB4}.BackendProcesses Debug|Any CPU.ActiveCfg = BackendProcesses Debug|Any CPU
		{071E10AA-E828-458E-A29A-0DD5F6F58FB4}.BackendProcesses Debug|Any CPU.Build.0 = BackendProcesses Debug|Any CPU
		{071E10AA-E828-458E-A29A-0DD5F6F58FB4}.Debug|Any CPU.ActiveCfg = Debug|Any CPU
		{071E10AA-E828-458E-A29A-0DD5F6F58FB4}.Debug|Any CPU.Build.0 = Debug|Any CPU
		{071E10AA-E828-458E-A29A-0DD5F6F58FB4}.FileBroker Debug|Any CPU.ActiveCfg = FileBroker Debug|Any CPU
		{071E10AA-E828-458E-A29A-0DD5F6F58FB4}.FileBroker Debug|Any CPU.Build.0 = FileBroker Debug|Any CPU
		{071E10AA-E828-458E-A29A-0DD5F6F58FB4}.FOAEA Debug|Any CPU.ActiveCfg = FOAEA Debug|Any CPU
		{071E10AA-E828-458E-A29A-0DD5F6F58FB4}.FOAEA Debug|Any CPU.Build.0 = FOAEA Debug|Any CPU
		{071E10AA-E828-458E-A29A-0DD5F6F58FB4}.Ops Debug|Any CPU.ActiveCfg = Ops Debug|Any CPU
		{071E10AA-E828-458E-A29A-0DD5F6F58FB4}.Ops Debug|Any CPU.Build.0 = Ops Debug|Any CPU
		{071E10AA-E828-458E-A29A-0DD5F6F58FB4}.Release|Any CPU.ActiveCfg = Release|Any CPU
		{071E10AA-E828-458E-A29A-0DD5F6F58FB4}.Release|Any CPU.Build.0 = Release|Any CPU
		{071E10AA-E828-458E-A29A-0DD5F6F58FB4}.Tests|Any CPU.ActiveCfg = Tests|Any CPU
		{071E10AA-E828-458E-A29A-0DD5F6F58FB4}.Tests|Any CPU.Build.0 = Tests|Any CPU
		{C5C75653-D95A-4251-B8DA-301F70166B96}.BackendProcesses Debug|Any CPU.ActiveCfg = BackendProcesses Debug|Any CPU
		{C5C75653-D95A-4251-B8DA-301F70166B96}.BackendProcesses Debug|Any CPU.Build.0 = BackendProcesses Debug|Any CPU
		{C5C75653-D95A-4251-B8DA-301F70166B96}.Debug|Any CPU.ActiveCfg = Debug|Any CPU
		{C5C75653-D95A-4251-B8DA-301F70166B96}.Debug|Any CPU.Build.0 = Debug|Any CPU
		{C5C75653-D95A-4251-B8DA-301F70166B96}.FileBroker Debug|Any CPU.ActiveCfg = FileBroker Debug|Any CPU
		{C5C75653-D95A-4251-B8DA-301F70166B96}.FileBroker Debug|Any CPU.Build.0 = FileBroker Debug|Any CPU
		{C5C75653-D95A-4251-B8DA-301F70166B96}.FOAEA Debug|Any CPU.ActiveCfg = FOAEA Debug|Any CPU
		{C5C75653-D95A-4251-B8DA-301F70166B96}.FOAEA Debug|Any CPU.Build.0 = FOAEA Debug|Any CPU
		{C5C75653-D95A-4251-B8DA-301F70166B96}.Ops Debug|Any CPU.ActiveCfg = Ops Debug|Any CPU
		{C5C75653-D95A-4251-B8DA-301F70166B96}.Ops Debug|Any CPU.Build.0 = Ops Debug|Any CPU
		{C5C75653-D95A-4251-B8DA-301F70166B96}.Release|Any CPU.ActiveCfg = Release|Any CPU
		{C5C75653-D95A-4251-B8DA-301F70166B96}.Release|Any CPU.Build.0 = Release|Any CPU
		{C5C75653-D95A-4251-B8DA-301F70166B96}.Tests|Any CPU.ActiveCfg = Tests|Any CPU
		{C5C75653-D95A-4251-B8DA-301F70166B96}.Tests|Any CPU.Build.0 = Tests|Any CPU
		{AC0094D6-3F2D-4A68-AE0D-D321C3D6328B}.BackendProcesses Debug|Any CPU.ActiveCfg = BackendProcesses Debug|Any CPU
		{AC0094D6-3F2D-4A68-AE0D-D321C3D6328B}.BackendProcesses Debug|Any CPU.Build.0 = BackendProcesses Debug|Any CPU
		{AC0094D6-3F2D-4A68-AE0D-D321C3D6328B}.Debug|Any CPU.ActiveCfg = Debug|Any CPU
		{AC0094D6-3F2D-4A68-AE0D-D321C3D6328B}.Debug|Any CPU.Build.0 = Debug|Any CPU
		{AC0094D6-3F2D-4A68-AE0D-D321C3D6328B}.FileBroker Debug|Any CPU.ActiveCfg = FileBroker Debug|Any CPU
		{AC0094D6-3F2D-4A68-AE0D-D321C3D6328B}.FileBroker Debug|Any CPU.Build.0 = FileBroker Debug|Any CPU
		{AC0094D6-3F2D-4A68-AE0D-D321C3D6328B}.FOAEA Debug|Any CPU.ActiveCfg = FOAEA Debug|Any CPU
		{AC0094D6-3F2D-4A68-AE0D-D321C3D6328B}.FOAEA Debug|Any CPU.Build.0 = FOAEA Debug|Any CPU
		{AC0094D6-3F2D-4A68-AE0D-D321C3D6328B}.Ops Debug|Any CPU.ActiveCfg = Ops Debug|Any CPU
		{AC0094D6-3F2D-4A68-AE0D-D321C3D6328B}.Ops Debug|Any CPU.Build.0 = Ops Debug|Any CPU
		{AC0094D6-3F2D-4A68-AE0D-D321C3D6328B}.Release|Any CPU.ActiveCfg = Release|Any CPU
		{AC0094D6-3F2D-4A68-AE0D-D321C3D6328B}.Release|Any CPU.Build.0 = Release|Any CPU
		{AC0094D6-3F2D-4A68-AE0D-D321C3D6328B}.Tests|Any CPU.ActiveCfg = Tests|Any CPU
		{AC0094D6-3F2D-4A68-AE0D-D321C3D6328B}.Tests|Any CPU.Build.0 = Tests|Any CPU
		{E9025BB2-D81C-495D-8359-21AF87A494BB}.BackendProcesses Debug|Any CPU.ActiveCfg = BackendProcesses Debug|Any CPU
		{E9025BB2-D81C-495D-8359-21AF87A494BB}.BackendProcesses Debug|Any CPU.Build.0 = BackendProcesses Debug|Any CPU
		{E9025BB2-D81C-495D-8359-21AF87A494BB}.Debug|Any CPU.ActiveCfg = Debug|Any CPU
		{E9025BB2-D81C-495D-8359-21AF87A494BB}.Debug|Any CPU.Build.0 = Debug|Any CPU
		{E9025BB2-D81C-495D-8359-21AF87A494BB}.FileBroker Debug|Any CPU.ActiveCfg = FileBroker Debug|Any CPU
		{E9025BB2-D81C-495D-8359-21AF87A494BB}.FOAEA Debug|Any CPU.ActiveCfg = FOAEA Debug|Any CPU
		{E9025BB2-D81C-495D-8359-21AF87A494BB}.Ops Debug|Any CPU.ActiveCfg = Ops Debug|Any CPU
		{E9025BB2-D81C-495D-8359-21AF87A494BB}.Release|Any CPU.ActiveCfg = Release|Any CPU
		{E9025BB2-D81C-495D-8359-21AF87A494BB}.Release|Any CPU.Build.0 = Release|Any CPU
		{E9025BB2-D81C-495D-8359-21AF87A494BB}.Tests|Any CPU.ActiveCfg = Tests|Any CPU
		{E9025BB2-D81C-495D-8359-21AF87A494BB}.Tests|Any CPU.Build.0 = Tests|Any CPU
		{47B42CCB-0586-480A-A3DB-141B34571734}.BackendProcesses Debug|Any CPU.ActiveCfg = BackendProcesses Debug|Any CPU
		{47B42CCB-0586-480A-A3DB-141B34571734}.BackendProcesses Debug|Any CPU.Build.0 = BackendProcesses Debug|Any CPU
		{47B42CCB-0586-480A-A3DB-141B34571734}.Debug|Any CPU.ActiveCfg = Debug|Any CPU
		{47B42CCB-0586-480A-A3DB-141B34571734}.Debug|Any CPU.Build.0 = Debug|Any CPU
		{47B42CCB-0586-480A-A3DB-141B34571734}.FileBroker Debug|Any CPU.ActiveCfg = FileBroker Debug|Any CPU
		{47B42CCB-0586-480A-A3DB-141B34571734}.FOAEA Debug|Any CPU.ActiveCfg = FOAEA Debug|Any CPU
		{47B42CCB-0586-480A-A3DB-141B34571734}.Ops Debug|Any CPU.ActiveCfg = Ops Debug|Any CPU
		{47B42CCB-0586-480A-A3DB-141B34571734}.Release|Any CPU.ActiveCfg = Release|Any CPU
		{47B42CCB-0586-480A-A3DB-141B34571734}.Release|Any CPU.Build.0 = Release|Any CPU
		{47B42CCB-0586-480A-A3DB-141B34571734}.Tests|Any CPU.ActiveCfg = Tests|Any CPU
		{47B42CCB-0586-480A-A3DB-141B34571734}.Tests|Any CPU.Build.0 = Tests|Any CPU
		{8900D3DB-604F-4A2F-B6ED-A961B5E15C48}.BackendProcesses Debug|Any CPU.ActiveCfg = BackendProcesses Debug|Any CPU
		{8900D3DB-604F-4A2F-B6ED-A961B5E15C48}.BackendProcesses Debug|Any CPU.Build.0 = BackendProcesses Debug|Any CPU
		{8900D3DB-604F-4A2F-B6ED-A961B5E15C48}.Debug|Any CPU.ActiveCfg = Debug|Any CPU
		{8900D3DB-604F-4A2F-B6ED-A961B5E15C48}.Debug|Any CPU.Build.0 = Debug|Any CPU
		{8900D3DB-604F-4A2F-B6ED-A961B5E15C48}.FileBroker Debug|Any CPU.ActiveCfg = FileBroker Debug|Any CPU
		{8900D3DB-604F-4A2F-B6ED-A961B5E15C48}.FOAEA Debug|Any CPU.ActiveCfg = FOAEA Debug|Any CPU
		{8900D3DB-604F-4A2F-B6ED-A961B5E15C48}.Ops Debug|Any CPU.ActiveCfg = Ops Debug|Any CPU
		{8900D3DB-604F-4A2F-B6ED-A961B5E15C48}.Release|Any CPU.ActiveCfg = Release|Any CPU
		{8900D3DB-604F-4A2F-B6ED-A961B5E15C48}.Release|Any CPU.Build.0 = Release|Any CPU
		{8900D3DB-604F-4A2F-B6ED-A961B5E15C48}.Tests|Any CPU.ActiveCfg = Tests|Any CPU
		{8900D3DB-604F-4A2F-B6ED-A961B5E15C48}.Tests|Any CPU.Build.0 = Tests|Any CPU
		{1FB5AA72-B9F2-4643-8862-D272B111E998}.BackendProcesses Debug|Any CPU.ActiveCfg = Debug|Any CPU
		{1FB5AA72-B9F2-4643-8862-D272B111E998}.BackendProcesses Debug|Any CPU.Build.0 = Debug|Any CPU
		{1FB5AA72-B9F2-4643-8862-D272B111E998}.Debug|Any CPU.ActiveCfg = Debug|Any CPU
		{1FB5AA72-B9F2-4643-8862-D272B111E998}.Debug|Any CPU.Build.0 = Debug|Any CPU
		{1FB5AA72-B9F2-4643-8862-D272B111E998}.FileBroker Debug|Any CPU.ActiveCfg = Debug|Any CPU
		{1FB5AA72-B9F2-4643-8862-D272B111E998}.FileBroker Debug|Any CPU.Build.0 = Debug|Any CPU
		{1FB5AA72-B9F2-4643-8862-D272B111E998}.FOAEA Debug|Any CPU.ActiveCfg = Debug|Any CPU
		{1FB5AA72-B9F2-4643-8862-D272B111E998}.FOAEA Debug|Any CPU.Build.0 = Debug|Any CPU
		{1FB5AA72-B9F2-4643-8862-D272B111E998}.Ops Debug|Any CPU.ActiveCfg = Debug|Any CPU
		{1FB5AA72-B9F2-4643-8862-D272B111E998}.Ops Debug|Any CPU.Build.0 = Debug|Any CPU
		{1FB5AA72-B9F2-4643-8862-D272B111E998}.Release|Any CPU.ActiveCfg = Release|Any CPU
		{1FB5AA72-B9F2-4643-8862-D272B111E998}.Release|Any CPU.Build.0 = Release|Any CPU
		{1FB5AA72-B9F2-4643-8862-D272B111E998}.Tests|Any CPU.ActiveCfg = Release|Any CPU
		{2CE189D4-E7C9-4E0F-8AA5-20108282AEE4}.BackendProcesses Debug|Any CPU.ActiveCfg = Debug|Any CPU
		{2CE189D4-E7C9-4E0F-8AA5-20108282AEE4}.BackendProcesses Debug|Any CPU.Build.0 = Debug|Any CPU
		{2CE189D4-E7C9-4E0F-8AA5-20108282AEE4}.Debug|Any CPU.ActiveCfg = Debug|Any CPU
		{2CE189D4-E7C9-4E0F-8AA5-20108282AEE4}.Debug|Any CPU.Build.0 = Debug|Any CPU
		{2CE189D4-E7C9-4E0F-8AA5-20108282AEE4}.FileBroker Debug|Any CPU.ActiveCfg = Debug|Any CPU
		{2CE189D4-E7C9-4E0F-8AA5-20108282AEE4}.FileBroker Debug|Any CPU.Build.0 = Debug|Any CPU
		{2CE189D4-E7C9-4E0F-8AA5-20108282AEE4}.FOAEA Debug|Any CPU.ActiveCfg = Debug|Any CPU
		{2CE189D4-E7C9-4E0F-8AA5-20108282AEE4}.FOAEA Debug|Any CPU.Build.0 = Debug|Any CPU
		{2CE189D4-E7C9-4E0F-8AA5-20108282AEE4}.Ops Debug|Any CPU.ActiveCfg = Debug|Any CPU
		{2CE189D4-E7C9-4E0F-8AA5-20108282AEE4}.Ops Debug|Any CPU.Build.0 = Debug|Any CPU
		{2CE189D4-E7C9-4E0F-8AA5-20108282AEE4}.Release|Any CPU.ActiveCfg = Release|Any CPU
		{2CE189D4-E7C9-4E0F-8AA5-20108282AEE4}.Release|Any CPU.Build.0 = Release|Any CPU
		{2CE189D4-E7C9-4E0F-8AA5-20108282AEE4}.Tests|Any CPU.ActiveCfg = Release|Any CPU
		{262D8B76-FC6B-46FE-A6DE-EA68B0D45FA7}.BackendProcesses Debug|Any CPU.ActiveCfg = Debug|Any CPU
		{262D8B76-FC6B-46FE-A6DE-EA68B0D45FA7}.BackendProcesses Debug|Any CPU.Build.0 = Debug|Any CPU
		{262D8B76-FC6B-46FE-A6DE-EA68B0D45FA7}.Debug|Any CPU.ActiveCfg = Debug|Any CPU
		{262D8B76-FC6B-46FE-A6DE-EA68B0D45FA7}.Debug|Any CPU.Build.0 = Debug|Any CPU
		{262D8B76-FC6B-46FE-A6DE-EA68B0D45FA7}.FileBroker Debug|Any CPU.ActiveCfg = Debug|Any CPU
		{262D8B76-FC6B-46FE-A6DE-EA68B0D45FA7}.FileBroker Debug|Any CPU.Build.0 = Debug|Any CPU
		{262D8B76-FC6B-46FE-A6DE-EA68B0D45FA7}.FOAEA Debug|Any CPU.ActiveCfg = Debug|Any CPU
		{262D8B76-FC6B-46FE-A6DE-EA68B0D45FA7}.FOAEA Debug|Any CPU.Build.0 = Debug|Any CPU
		{262D8B76-FC6B-46FE-A6DE-EA68B0D45FA7}.Ops Debug|Any CPU.ActiveCfg = Debug|Any CPU
		{262D8B76-FC6B-46FE-A6DE-EA68B0D45FA7}.Ops Debug|Any CPU.Build.0 = Debug|Any CPU
		{262D8B76-FC6B-46FE-A6DE-EA68B0D45FA7}.Release|Any CPU.ActiveCfg = Release|Any CPU
		{262D8B76-FC6B-46FE-A6DE-EA68B0D45FA7}.Release|Any CPU.Build.0 = Release|Any CPU
		{262D8B76-FC6B-46FE-A6DE-EA68B0D45FA7}.Tests|Any CPU.ActiveCfg = Release|Any CPU
		{BE2F7563-3AEE-4BE4-BA0E-1AC38A198B2B}.BackendProcesses Debug|Any CPU.ActiveCfg = Debug|Any CPU
		{BE2F7563-3AEE-4BE4-BA0E-1AC38A198B2B}.BackendProcesses Debug|Any CPU.Build.0 = Debug|Any CPU
		{BE2F7563-3AEE-4BE4-BA0E-1AC38A198B2B}.Debug|Any CPU.ActiveCfg = Debug|Any CPU
		{BE2F7563-3AEE-4BE4-BA0E-1AC38A198B2B}.Debug|Any CPU.Build.0 = Debug|Any CPU
		{BE2F7563-3AEE-4BE4-BA0E-1AC38A198B2B}.FileBroker Debug|Any CPU.ActiveCfg = Debug|Any CPU
		{BE2F7563-3AEE-4BE4-BA0E-1AC38A198B2B}.FileBroker Debug|Any CPU.Build.0 = Debug|Any CPU
		{BE2F7563-3AEE-4BE4-BA0E-1AC38A198B2B}.FOAEA Debug|Any CPU.ActiveCfg = Debug|Any CPU
		{BE2F7563-3AEE-4BE4-BA0E-1AC38A198B2B}.FOAEA Debug|Any CPU.Build.0 = Debug|Any CPU
		{BE2F7563-3AEE-4BE4-BA0E-1AC38A198B2B}.Ops Debug|Any CPU.ActiveCfg = Debug|Any CPU
		{BE2F7563-3AEE-4BE4-BA0E-1AC38A198B2B}.Ops Debug|Any CPU.Build.0 = Debug|Any CPU
		{BE2F7563-3AEE-4BE4-BA0E-1AC38A198B2B}.Release|Any CPU.ActiveCfg = Release|Any CPU
		{BE2F7563-3AEE-4BE4-BA0E-1AC38A198B2B}.Release|Any CPU.Build.0 = Release|Any CPU
		{BE2F7563-3AEE-4BE4-BA0E-1AC38A198B2B}.Tests|Any CPU.ActiveCfg = Release|Any CPU
		{F132EC64-0905-4EC4-BFC8-858E80D2C24E}.BackendProcesses Debug|Any CPU.ActiveCfg = Debug|Any CPU
		{F132EC64-0905-4EC4-BFC8-858E80D2C24E}.BackendProcesses Debug|Any CPU.Build.0 = Debug|Any CPU
		{F132EC64-0905-4EC4-BFC8-858E80D2C24E}.Debug|Any CPU.ActiveCfg = Debug|Any CPU
		{F132EC64-0905-4EC4-BFC8-858E80D2C24E}.Debug|Any CPU.Build.0 = Debug|Any CPU
		{F132EC64-0905-4EC4-BFC8-858E80D2C24E}.FileBroker Debug|Any CPU.ActiveCfg = Debug|Any CPU
		{F132EC64-0905-4EC4-BFC8-858E80D2C24E}.FileBroker Debug|Any CPU.Build.0 = Debug|Any CPU
		{F132EC64-0905-4EC4-BFC8-858E80D2C24E}.FOAEA Debug|Any CPU.ActiveCfg = Debug|Any CPU
		{F132EC64-0905-4EC4-BFC8-858E80D2C24E}.FOAEA Debug|Any CPU.Build.0 = Debug|Any CPU
		{F132EC64-0905-4EC4-BFC8-858E80D2C24E}.Ops Debug|Any CPU.ActiveCfg = Debug|Any CPU
		{F132EC64-0905-4EC4-BFC8-858E80D2C24E}.Ops Debug|Any CPU.Build.0 = Debug|Any CPU
		{F132EC64-0905-4EC4-BFC8-858E80D2C24E}.Release|Any CPU.ActiveCfg = Release|Any CPU
		{F132EC64-0905-4EC4-BFC8-858E80D2C24E}.Release|Any CPU.Build.0 = Release|Any CPU
		{F132EC64-0905-4EC4-BFC8-858E80D2C24E}.Tests|Any CPU.ActiveCfg = Tests|Any CPU
		{F132EC64-0905-4EC4-BFC8-858E80D2C24E}.Tests|Any CPU.Build.0 = Tests|Any CPU
		{E0EFEAA6-6C98-4945-BA80-D010720D002F}.BackendProcesses Debug|Any CPU.ActiveCfg = Debug|Any CPU
		{E0EFEAA6-6C98-4945-BA80-D010720D002F}.BackendProcesses Debug|Any CPU.Build.0 = Debug|Any CPU
		{E0EFEAA6-6C98-4945-BA80-D010720D002F}.Debug|Any CPU.ActiveCfg = Debug|Any CPU
		{E0EFEAA6-6C98-4945-BA80-D010720D002F}.Debug|Any CPU.Build.0 = Debug|Any CPU
		{E0EFEAA6-6C98-4945-BA80-D010720D002F}.FileBroker Debug|Any CPU.ActiveCfg = Debug|Any CPU
		{E0EFEAA6-6C98-4945-BA80-D010720D002F}.FileBroker Debug|Any CPU.Build.0 = Debug|Any CPU
		{E0EFEAA6-6C98-4945-BA80-D010720D002F}.FOAEA Debug|Any CPU.ActiveCfg = Debug|Any CPU
		{E0EFEAA6-6C98-4945-BA80-D010720D002F}.FOAEA Debug|Any CPU.Build.0 = Debug|Any CPU
		{E0EFEAA6-6C98-4945-BA80-D010720D002F}.Ops Debug|Any CPU.ActiveCfg = Debug|Any CPU
		{E0EFEAA6-6C98-4945-BA80-D010720D002F}.Ops Debug|Any CPU.Build.0 = Debug|Any CPU
		{E0EFEAA6-6C98-4945-BA80-D010720D002F}.Release|Any CPU.ActiveCfg = Release|Any CPU
		{E0EFEAA6-6C98-4945-BA80-D010720D002F}.Release|Any CPU.Build.0 = Release|Any CPU
		{E0EFEAA6-6C98-4945-BA80-D010720D002F}.Tests|Any CPU.ActiveCfg = Debug|Any CPU
		{E0EFEAA6-6C98-4945-BA80-D010720D002F}.Tests|Any CPU.Build.0 = Debug|Any CPU
		{1810B174-E630-4860-B05E-F24BFCC5F2B5}.BackendProcesses Debug|Any CPU.ActiveCfg = Debug|Any CPU
		{1810B174-E630-4860-B05E-F24BFCC5F2B5}.BackendProcesses Debug|Any CPU.Build.0 = Debug|Any CPU
		{1810B174-E630-4860-B05E-F24BFCC5F2B5}.Debug|Any CPU.ActiveCfg = Debug|Any CPU
		{1810B174-E630-4860-B05E-F24BFCC5F2B5}.Debug|Any CPU.Build.0 = Debug|Any CPU
		{1810B174-E630-4860-B05E-F24BFCC5F2B5}.FileBroker Debug|Any CPU.ActiveCfg = Debug|Any CPU
		{1810B174-E630-4860-B05E-F24BFCC5F2B5}.FileBroker Debug|Any CPU.Build.0 = Debug|Any CPU
		{1810B174-E630-4860-B05E-F24BFCC5F2B5}.FOAEA Debug|Any CPU.ActiveCfg = Debug|Any CPU
		{1810B174-E630-4860-B05E-F24BFCC5F2B5}.FOAEA Debug|Any CPU.Build.0 = Debug|Any CPU
		{1810B174-E630-4860-B05E-F24BFCC5F2B5}.Ops Debug|Any CPU.ActiveCfg = Debug|Any CPU
		{1810B174-E630-4860-B05E-F24BFCC5F2B5}.Ops Debug|Any CPU.Build.0 = Debug|Any CPU
		{1810B174-E630-4860-B05E-F24BFCC5F2B5}.Release|Any CPU.ActiveCfg = Release|Any CPU
		{1810B174-E630-4860-B05E-F24BFCC5F2B5}.Release|Any CPU.Build.0 = Release|Any CPU
		{1810B174-E630-4860-B05E-F24BFCC5F2B5}.Tests|Any CPU.ActiveCfg = Debug|Any CPU
		{1810B174-E630-4860-B05E-F24BFCC5F2B5}.Tests|Any CPU.Build.0 = Debug|Any CPU
		{179F0310-932F-4B0C-BAE1-02B10B279793}.BackendProcesses Debug|Any CPU.ActiveCfg = Debug|Any CPU
		{179F0310-932F-4B0C-BAE1-02B10B279793}.BackendProcesses Debug|Any CPU.Build.0 = Debug|Any CPU
		{179F0310-932F-4B0C-BAE1-02B10B279793}.Debug|Any CPU.ActiveCfg = Debug|Any CPU
		{179F0310-932F-4B0C-BAE1-02B10B279793}.Debug|Any CPU.Build.0 = Debug|Any CPU
		{179F0310-932F-4B0C-BAE1-02B10B279793}.FileBroker Debug|Any CPU.ActiveCfg = Debug|Any CPU
		{179F0310-932F-4B0C-BAE1-02B10B279793}.FileBroker Debug|Any CPU.Build.0 = Debug|Any CPU
		{179F0310-932F-4B0C-BAE1-02B10B279793}.FOAEA Debug|Any CPU.ActiveCfg = Debug|Any CPU
		{179F0310-932F-4B0C-BAE1-02B10B279793}.FOAEA Debug|Any CPU.Build.0 = Debug|Any CPU
		{179F0310-932F-4B0C-BAE1-02B10B279793}.Ops Debug|Any CPU.ActiveCfg = Debug|Any CPU
		{179F0310-932F-4B0C-BAE1-02B10B279793}.Ops Debug|Any CPU.Build.0 = Debug|Any CPU
		{179F0310-932F-4B0C-BAE1-02B10B279793}.Release|Any CPU.ActiveCfg = Release|Any CPU
		{179F0310-932F-4B0C-BAE1-02B10B279793}.Release|Any CPU.Build.0 = Release|Any CPU
		{179F0310-932F-4B0C-BAE1-02B10B279793}.Tests|Any CPU.ActiveCfg = Debug|Any CPU
		{179F0310-932F-4B0C-BAE1-02B10B279793}.Tests|Any CPU.Build.0 = Debug|Any CPU
		{4D7B1CA6-3C02-401E-98A4-C1758FF1E4F3}.BackendProcesses Debug|Any CPU.ActiveCfg = Debug|Any CPU
		{4D7B1CA6-3C02-401E-98A4-C1758FF1E4F3}.BackendProcesses Debug|Any CPU.Build.0 = Debug|Any CPU
		{4D7B1CA6-3C02-401E-98A4-C1758FF1E4F3}.Debug|Any CPU.ActiveCfg = Debug|Any CPU
		{4D7B1CA6-3C02-401E-98A4-C1758FF1E4F3}.Debug|Any CPU.Build.0 = Debug|Any CPU
		{4D7B1CA6-3C02-401E-98A4-C1758FF1E4F3}.FileBroker Debug|Any CPU.ActiveCfg = Debug|Any CPU
		{4D7B1CA6-3C02-401E-98A4-C1758FF1E4F3}.FileBroker Debug|Any CPU.Build.0 = Debug|Any CPU
		{4D7B1CA6-3C02-401E-98A4-C1758FF1E4F3}.FOAEA Debug|Any CPU.ActiveCfg = Debug|Any CPU
		{4D7B1CA6-3C02-401E-98A4-C1758FF1E4F3}.FOAEA Debug|Any CPU.Build.0 = Debug|Any CPU
		{4D7B1CA6-3C02-401E-98A4-C1758FF1E4F3}.Ops Debug|Any CPU.ActiveCfg = Debug|Any CPU
		{4D7B1CA6-3C02-401E-98A4-C1758FF1E4F3}.Ops Debug|Any CPU.Build.0 = Debug|Any CPU
		{4D7B1CA6-3C02-401E-98A4-C1758FF1E4F3}.Release|Any CPU.ActiveCfg = Release|Any CPU
		{4D7B1CA6-3C02-401E-98A4-C1758FF1E4F3}.Release|Any CPU.Build.0 = Release|Any CPU
		{4D7B1CA6-3C02-401E-98A4-C1758FF1E4F3}.Tests|Any CPU.ActiveCfg = Debug|Any CPU
		{4D7B1CA6-3C02-401E-98A4-C1758FF1E4F3}.Tests|Any CPU.Build.0 = Debug|Any CPU
		{94A3406C-AC09-42E4-BFC7-039B69ED5F63}.BackendProcesses Debug|Any CPU.ActiveCfg = Debug|Any CPU
		{94A3406C-AC09-42E4-BFC7-039B69ED5F63}.BackendProcesses Debug|Any CPU.Build.0 = Debug|Any CPU
		{94A3406C-AC09-42E4-BFC7-039B69ED5F63}.Debug|Any CPU.ActiveCfg = Debug|Any CPU
		{94A3406C-AC09-42E4-BFC7-039B69ED5F63}.Debug|Any CPU.Build.0 = Debug|Any CPU
		{94A3406C-AC09-42E4-BFC7-039B69ED5F63}.FileBroker Debug|Any CPU.ActiveCfg = Debug|Any CPU
		{94A3406C-AC09-42E4-BFC7-039B69ED5F63}.FileBroker Debug|Any CPU.Build.0 = Debug|Any CPU
		{94A3406C-AC09-42E4-BFC7-039B69ED5F63}.FOAEA Debug|Any CPU.ActiveCfg = Debug|Any CPU
		{94A3406C-AC09-42E4-BFC7-039B69ED5F63}.FOAEA Debug|Any CPU.Build.0 = Debug|Any CPU
		{94A3406C-AC09-42E4-BFC7-039B69ED5F63}.Ops Debug|Any CPU.ActiveCfg = Debug|Any CPU
		{94A3406C-AC09-42E4-BFC7-039B69ED5F63}.Ops Debug|Any CPU.Build.0 = Debug|Any CPU
		{94A3406C-AC09-42E4-BFC7-039B69ED5F63}.Release|Any CPU.ActiveCfg = Release|Any CPU
		{94A3406C-AC09-42E4-BFC7-039B69ED5F63}.Release|Any CPU.Build.0 = Release|Any CPU
		{94A3406C-AC09-42E4-BFC7-039B69ED5F63}.Tests|Any CPU.ActiveCfg = Debug|Any CPU
		{94A3406C-AC09-42E4-BFC7-039B69ED5F63}.Tests|Any CPU.Build.0 = Debug|Any CPU
		{45CB9041-7949-4B43-A9F7-4E33D544201F}.BackendProcesses Debug|Any CPU.ActiveCfg = Debug|Any CPU
		{45CB9041-7949-4B43-A9F7-4E33D544201F}.BackendProcesses Debug|Any CPU.Build.0 = Debug|Any CPU
		{45CB9041-7949-4B43-A9F7-4E33D544201F}.Debug|Any CPU.ActiveCfg = Debug|Any CPU
		{45CB9041-7949-4B43-A9F7-4E33D544201F}.Debug|Any CPU.Build.0 = Debug|Any CPU
		{45CB9041-7949-4B43-A9F7-4E33D544201F}.FileBroker Debug|Any CPU.ActiveCfg = Debug|Any CPU
		{45CB9041-7949-4B43-A9F7-4E33D544201F}.FileBroker Debug|Any CPU.Build.0 = Debug|Any CPU
		{45CB9041-7949-4B43-A9F7-4E33D544201F}.FOAEA Debug|Any CPU.ActiveCfg = Debug|Any CPU
		{45CB9041-7949-4B43-A9F7-4E33D544201F}.FOAEA Debug|Any CPU.Build.0 = Debug|Any CPU
		{45CB9041-7949-4B43-A9F7-4E33D544201F}.Ops Debug|Any CPU.ActiveCfg = Debug|Any CPU
		{45CB9041-7949-4B43-A9F7-4E33D544201F}.Ops Debug|Any CPU.Build.0 = Debug|Any CPU
		{45CB9041-7949-4B43-A9F7-4E33D544201F}.Release|Any CPU.ActiveCfg = Release|Any CPU
		{45CB9041-7949-4B43-A9F7-4E33D544201F}.Release|Any CPU.Build.0 = Release|Any CPU
		{45CB9041-7949-4B43-A9F7-4E33D544201F}.Tests|Any CPU.ActiveCfg = Debug|Any CPU
		{45CB9041-7949-4B43-A9F7-4E33D544201F}.Tests|Any CPU.Build.0 = Debug|Any CPU
		{51DD54DD-2B6E-4A08-BD4C-2C7EE52A3090}.BackendProcesses Debug|Any CPU.ActiveCfg = Debug|Any CPU
		{51DD54DD-2B6E-4A08-BD4C-2C7EE52A3090}.BackendProcesses Debug|Any CPU.Build.0 = Debug|Any CPU
		{51DD54DD-2B6E-4A08-BD4C-2C7EE52A3090}.Debug|Any CPU.ActiveCfg = Debug|Any CPU
		{51DD54DD-2B6E-4A08-BD4C-2C7EE52A3090}.Debug|Any CPU.Build.0 = Debug|Any CPU
		{51DD54DD-2B6E-4A08-BD4C-2C7EE52A3090}.FileBroker Debug|Any CPU.ActiveCfg = Debug|Any CPU
		{51DD54DD-2B6E-4A08-BD4C-2C7EE52A3090}.FileBroker Debug|Any CPU.Build.0 = Debug|Any CPU
		{51DD54DD-2B6E-4A08-BD4C-2C7EE52A3090}.FOAEA Debug|Any CPU.ActiveCfg = Debug|Any CPU
		{51DD54DD-2B6E-4A08-BD4C-2C7EE52A3090}.FOAEA Debug|Any CPU.Build.0 = Debug|Any CPU
		{51DD54DD-2B6E-4A08-BD4C-2C7EE52A3090}.Ops Debug|Any CPU.ActiveCfg = Debug|Any CPU
		{51DD54DD-2B6E-4A08-BD4C-2C7EE52A3090}.Ops Debug|Any CPU.Build.0 = Debug|Any CPU
		{51DD54DD-2B6E-4A08-BD4C-2C7EE52A3090}.Release|Any CPU.ActiveCfg = Release|Any CPU
		{51DD54DD-2B6E-4A08-BD4C-2C7EE52A3090}.Release|Any CPU.Build.0 = Release|Any CPU
		{51DD54DD-2B6E-4A08-BD4C-2C7EE52A3090}.Tests|Any CPU.ActiveCfg = Debug|Any CPU
		{51DD54DD-2B6E-4A08-BD4C-2C7EE52A3090}.Tests|Any CPU.Build.0 = Debug|Any CPU
		{F186A267-A4E3-4646-9042-B2C5375B1FC4}.BackendProcesses Debug|Any CPU.ActiveCfg = Debug|Any CPU
		{F186A267-A4E3-4646-9042-B2C5375B1FC4}.BackendProcesses Debug|Any CPU.Build.0 = Debug|Any CPU
		{F186A267-A4E3-4646-9042-B2C5375B1FC4}.Debug|Any CPU.ActiveCfg = Debug|Any CPU
		{F186A267-A4E3-4646-9042-B2C5375B1FC4}.Debug|Any CPU.Build.0 = Debug|Any CPU
		{F186A267-A4E3-4646-9042-B2C5375B1FC4}.FileBroker Debug|Any CPU.ActiveCfg = Debug|Any CPU
		{F186A267-A4E3-4646-9042-B2C5375B1FC4}.FileBroker Debug|Any CPU.Build.0 = Debug|Any CPU
		{F186A267-A4E3-4646-9042-B2C5375B1FC4}.FOAEA Debug|Any CPU.ActiveCfg = Debug|Any CPU
		{F186A267-A4E3-4646-9042-B2C5375B1FC4}.FOAEA Debug|Any CPU.Build.0 = Debug|Any CPU
		{F186A267-A4E3-4646-9042-B2C5375B1FC4}.Ops Debug|Any CPU.ActiveCfg = Debug|Any CPU
		{F186A267-A4E3-4646-9042-B2C5375B1FC4}.Ops Debug|Any CPU.Build.0 = Debug|Any CPU
		{F186A267-A4E3-4646-9042-B2C5375B1FC4}.Release|Any CPU.ActiveCfg = Release|Any CPU
		{F186A267-A4E3-4646-9042-B2C5375B1FC4}.Release|Any CPU.Build.0 = Release|Any CPU
		{F186A267-A4E3-4646-9042-B2C5375B1FC4}.Tests|Any CPU.ActiveCfg = Debug|Any CPU
		{F186A267-A4E3-4646-9042-B2C5375B1FC4}.Tests|Any CPU.Build.0 = Debug|Any CPU
		{595CE312-FC7D-402B-BC20-2FA38A186CCB}.BackendProcesses Debug|Any CPU.ActiveCfg = Debug|Any CPU
		{595CE312-FC7D-402B-BC20-2FA38A186CCB}.BackendProcesses Debug|Any CPU.Build.0 = Debug|Any CPU
		{595CE312-FC7D-402B-BC20-2FA38A186CCB}.Debug|Any CPU.ActiveCfg = Debug|Any CPU
		{595CE312-FC7D-402B-BC20-2FA38A186CCB}.Debug|Any CPU.Build.0 = Debug|Any CPU
		{595CE312-FC7D-402B-BC20-2FA38A186CCB}.FileBroker Debug|Any CPU.ActiveCfg = Debug|Any CPU
		{595CE312-FC7D-402B-BC20-2FA38A186CCB}.FileBroker Debug|Any CPU.Build.0 = Debug|Any CPU
		{595CE312-FC7D-402B-BC20-2FA38A186CCB}.FOAEA Debug|Any CPU.ActiveCfg = Debug|Any CPU
		{595CE312-FC7D-402B-BC20-2FA38A186CCB}.FOAEA Debug|Any CPU.Build.0 = Debug|Any CPU
		{595CE312-FC7D-402B-BC20-2FA38A186CCB}.Ops Debug|Any CPU.ActiveCfg = Debug|Any CPU
		{595CE312-FC7D-402B-BC20-2FA38A186CCB}.Ops Debug|Any CPU.Build.0 = Debug|Any CPU
		{595CE312-FC7D-402B-BC20-2FA38A186CCB}.Release|Any CPU.ActiveCfg = Release|Any CPU
		{595CE312-FC7D-402B-BC20-2FA38A186CCB}.Release|Any CPU.Build.0 = Release|Any CPU
		{595CE312-FC7D-402B-BC20-2FA38A186CCB}.Tests|Any CPU.ActiveCfg = Debug|Any CPU
		{595CE312-FC7D-402B-BC20-2FA38A186CCB}.Tests|Any CPU.Build.0 = Debug|Any CPU
		{B0784413-6749-445A-9102-E6C566E2C638}.BackendProcesses Debug|Any CPU.ActiveCfg = Debug|Any CPU
		{B0784413-6749-445A-9102-E6C566E2C638}.BackendProcesses Debug|Any CPU.Build.0 = Debug|Any CPU
		{B0784413-6749-445A-9102-E6C566E2C638}.Debug|Any CPU.ActiveCfg = Debug|Any CPU
		{B0784413-6749-445A-9102-E6C566E2C638}.Debug|Any CPU.Build.0 = Debug|Any CPU
		{B0784413-6749-445A-9102-E6C566E2C638}.FileBroker Debug|Any CPU.ActiveCfg = Debug|Any CPU
		{B0784413-6749-445A-9102-E6C566E2C638}.FileBroker Debug|Any CPU.Build.0 = Debug|Any CPU
		{B0784413-6749-445A-9102-E6C566E2C638}.FOAEA Debug|Any CPU.ActiveCfg = Debug|Any CPU
		{B0784413-6749-445A-9102-E6C566E2C638}.FOAEA Debug|Any CPU.Build.0 = Debug|Any CPU
		{B0784413-6749-445A-9102-E6C566E2C638}.Ops Debug|Any CPU.ActiveCfg = Debug|Any CPU
		{B0784413-6749-445A-9102-E6C566E2C638}.Ops Debug|Any CPU.Build.0 = Debug|Any CPU
		{B0784413-6749-445A-9102-E6C566E2C638}.Release|Any CPU.ActiveCfg = Release|Any CPU
		{B0784413-6749-445A-9102-E6C566E2C638}.Release|Any CPU.Build.0 = Release|Any CPU
		{B0784413-6749-445A-9102-E6C566E2C638}.Tests|Any CPU.ActiveCfg = Debug|Any CPU
		{B0784413-6749-445A-9102-E6C566E2C638}.Tests|Any CPU.Build.0 = Debug|Any CPU
		{8917D5A5-6801-4368-AACD-BC65A546F19D}.BackendProcesses Debug|Any CPU.ActiveCfg = Debug|Any CPU
		{8917D5A5-6801-4368-AACD-BC65A546F19D}.BackendProcesses Debug|Any CPU.Build.0 = Debug|Any CPU
		{8917D5A5-6801-4368-AACD-BC65A546F19D}.Debug|Any CPU.ActiveCfg = Debug|Any CPU
		{8917D5A5-6801-4368-AACD-BC65A546F19D}.Debug|Any CPU.Build.0 = Debug|Any CPU
		{8917D5A5-6801-4368-AACD-BC65A546F19D}.FileBroker Debug|Any CPU.ActiveCfg = Debug|Any CPU
		{8917D5A5-6801-4368-AACD-BC65A546F19D}.FileBroker Debug|Any CPU.Build.0 = Debug|Any CPU
		{8917D5A5-6801-4368-AACD-BC65A546F19D}.FOAEA Debug|Any CPU.ActiveCfg = Debug|Any CPU
		{8917D5A5-6801-4368-AACD-BC65A546F19D}.FOAEA Debug|Any CPU.Build.0 = Debug|Any CPU
		{8917D5A5-6801-4368-AACD-BC65A546F19D}.Ops Debug|Any CPU.ActiveCfg = Debug|Any CPU
		{8917D5A5-6801-4368-AACD-BC65A546F19D}.Ops Debug|Any CPU.Build.0 = Debug|Any CPU
		{8917D5A5-6801-4368-AACD-BC65A546F19D}.Release|Any CPU.ActiveCfg = Release|Any CPU
		{8917D5A5-6801-4368-AACD-BC65A546F19D}.Release|Any CPU.Build.0 = Release|Any CPU
		{8917D5A5-6801-4368-AACD-BC65A546F19D}.Tests|Any CPU.ActiveCfg = Debug|Any CPU
		{8917D5A5-6801-4368-AACD-BC65A546F19D}.Tests|Any CPU.Build.0 = Debug|Any CPU
		{523CD6E9-6D17-4C7B-8889-BE2A2FBEC895}.BackendProcesses Debug|Any CPU.ActiveCfg = Debug|Any CPU
		{523CD6E9-6D17-4C7B-8889-BE2A2FBEC895}.BackendProcesses Debug|Any CPU.Build.0 = Debug|Any CPU
		{523CD6E9-6D17-4C7B-8889-BE2A2FBEC895}.Debug|Any CPU.ActiveCfg = Debug|Any CPU
		{523CD6E9-6D17-4C7B-8889-BE2A2FBEC895}.Debug|Any CPU.Build.0 = Debug|Any CPU
		{523CD6E9-6D17-4C7B-8889-BE2A2FBEC895}.FileBroker Debug|Any CPU.ActiveCfg = Debug|Any CPU
		{523CD6E9-6D17-4C7B-8889-BE2A2FBEC895}.FileBroker Debug|Any CPU.Build.0 = Debug|Any CPU
		{523CD6E9-6D17-4C7B-8889-BE2A2FBEC895}.FOAEA Debug|Any CPU.ActiveCfg = Debug|Any CPU
		{523CD6E9-6D17-4C7B-8889-BE2A2FBEC895}.FOAEA Debug|Any CPU.Build.0 = Debug|Any CPU
		{523CD6E9-6D17-4C7B-8889-BE2A2FBEC895}.Ops Debug|Any CPU.ActiveCfg = Debug|Any CPU
		{523CD6E9-6D17-4C7B-8889-BE2A2FBEC895}.Ops Debug|Any CPU.Build.0 = Debug|Any CPU
		{523CD6E9-6D17-4C7B-8889-BE2A2FBEC895}.Release|Any CPU.ActiveCfg = Release|Any CPU
		{523CD6E9-6D17-4C7B-8889-BE2A2FBEC895}.Release|Any CPU.Build.0 = Release|Any CPU
		{523CD6E9-6D17-4C7B-8889-BE2A2FBEC895}.Tests|Any CPU.ActiveCfg = Debug|Any CPU
		{523CD6E9-6D17-4C7B-8889-BE2A2FBEC895}.Tests|Any CPU.Build.0 = Debug|Any CPU
		{1E628D9F-F7CB-4BB0-BFB2-E8521546D0F8}.BackendProcesses Debug|Any CPU.ActiveCfg = Debug|Any CPU
		{1E628D9F-F7CB-4BB0-BFB2-E8521546D0F8}.BackendProcesses Debug|Any CPU.Build.0 = Debug|Any CPU
		{1E628D9F-F7CB-4BB0-BFB2-E8521546D0F8}.Debug|Any CPU.ActiveCfg = Debug|Any CPU
		{1E628D9F-F7CB-4BB0-BFB2-E8521546D0F8}.Debug|Any CPU.Build.0 = Debug|Any CPU
		{1E628D9F-F7CB-4BB0-BFB2-E8521546D0F8}.FileBroker Debug|Any CPU.ActiveCfg = Debug|Any CPU
		{1E628D9F-F7CB-4BB0-BFB2-E8521546D0F8}.FileBroker Debug|Any CPU.Build.0 = Debug|Any CPU
		{1E628D9F-F7CB-4BB0-BFB2-E8521546D0F8}.FOAEA Debug|Any CPU.ActiveCfg = Debug|Any CPU
		{1E628D9F-F7CB-4BB0-BFB2-E8521546D0F8}.FOAEA Debug|Any CPU.Build.0 = Debug|Any CPU
		{1E628D9F-F7CB-4BB0-BFB2-E8521546D0F8}.Ops Debug|Any CPU.ActiveCfg = Debug|Any CPU
		{1E628D9F-F7CB-4BB0-BFB2-E8521546D0F8}.Ops Debug|Any CPU.Build.0 = Debug|Any CPU
		{1E628D9F-F7CB-4BB0-BFB2-E8521546D0F8}.Release|Any CPU.ActiveCfg = Release|Any CPU
		{1E628D9F-F7CB-4BB0-BFB2-E8521546D0F8}.Release|Any CPU.Build.0 = Release|Any CPU
		{1E628D9F-F7CB-4BB0-BFB2-E8521546D0F8}.Tests|Any CPU.ActiveCfg = Debug|Any CPU
		{1E628D9F-F7CB-4BB0-BFB2-E8521546D0F8}.Tests|Any CPU.Build.0 = Debug|Any CPU
		{E40AF752-739D-44DD-9D76-4F0610767812}.BackendProcesses Debug|Any CPU.ActiveCfg = Debug|Any CPU
		{E40AF752-739D-44DD-9D76-4F0610767812}.BackendProcesses Debug|Any CPU.Build.0 = Debug|Any CPU
		{E40AF752-739D-44DD-9D76-4F0610767812}.Debug|Any CPU.ActiveCfg = Debug|Any CPU
		{E40AF752-739D-44DD-9D76-4F0610767812}.Debug|Any CPU.Build.0 = Debug|Any CPU
		{E40AF752-739D-44DD-9D76-4F0610767812}.FileBroker Debug|Any CPU.ActiveCfg = Debug|Any CPU
		{E40AF752-739D-44DD-9D76-4F0610767812}.FileBroker Debug|Any CPU.Build.0 = Debug|Any CPU
		{E40AF752-739D-44DD-9D76-4F0610767812}.FOAEA Debug|Any CPU.ActiveCfg = Debug|Any CPU
		{E40AF752-739D-44DD-9D76-4F0610767812}.FOAEA Debug|Any CPU.Build.0 = Debug|Any CPU
		{E40AF752-739D-44DD-9D76-4F0610767812}.Ops Debug|Any CPU.ActiveCfg = Debug|Any CPU
		{E40AF752-739D-44DD-9D76-4F0610767812}.Ops Debug|Any CPU.Build.0 = Debug|Any CPU
		{E40AF752-739D-44DD-9D76-4F0610767812}.Release|Any CPU.ActiveCfg = Release|Any CPU
		{E40AF752-739D-44DD-9D76-4F0610767812}.Release|Any CPU.Build.0 = Release|Any CPU
		{E40AF752-739D-44DD-9D76-4F0610767812}.Tests|Any CPU.ActiveCfg = Debug|Any CPU
		{E40AF752-739D-44DD-9D76-4F0610767812}.Tests|Any CPU.Build.0 = Debug|Any CPU
		{19A47622-6375-4775-A68E-32F3FBDC4798}.BackendProcesses Debug|Any CPU.ActiveCfg = Debug|Any CPU
		{19A47622-6375-4775-A68E-32F3FBDC4798}.BackendProcesses Debug|Any CPU.Build.0 = Debug|Any CPU
		{19A47622-6375-4775-A68E-32F3FBDC4798}.Debug|Any CPU.ActiveCfg = Debug|Any CPU
		{19A47622-6375-4775-A68E-32F3FBDC4798}.Debug|Any CPU.Build.0 = Debug|Any CPU
		{19A47622-6375-4775-A68E-32F3FBDC4798}.FileBroker Debug|Any CPU.ActiveCfg = Debug|Any CPU
		{19A47622-6375-4775-A68E-32F3FBDC4798}.FileBroker Debug|Any CPU.Build.0 = Debug|Any CPU
		{19A47622-6375-4775-A68E-32F3FBDC4798}.FOAEA Debug|Any CPU.ActiveCfg = Debug|Any CPU
		{19A47622-6375-4775-A68E-32F3FBDC4798}.FOAEA Debug|Any CPU.Build.0 = Debug|Any CPU
		{19A47622-6375-4775-A68E-32F3FBDC4798}.Ops Debug|Any CPU.ActiveCfg = Debug|Any CPU
		{19A47622-6375-4775-A68E-32F3FBDC4798}.Ops Debug|Any CPU.Build.0 = Debug|Any CPU
		{19A47622-6375-4775-A68E-32F3FBDC4798}.Release|Any CPU.ActiveCfg = Release|Any CPU
		{19A47622-6375-4775-A68E-32F3FBDC4798}.Release|Any CPU.Build.0 = Release|Any CPU
		{19A47622-6375-4775-A68E-32F3FBDC4798}.Tests|Any CPU.ActiveCfg = Debug|Any CPU
		{19A47622-6375-4775-A68E-32F3FBDC4798}.Tests|Any CPU.Build.0 = Debug|Any CPU
		{2F351919-565B-430C-816F-8BAB3996E840}.BackendProcesses Debug|Any CPU.ActiveCfg = Debug|Any CPU
		{2F351919-565B-430C-816F-8BAB3996E840}.BackendProcesses Debug|Any CPU.Build.0 = Debug|Any CPU
		{2F351919-565B-430C-816F-8BAB3996E840}.Debug|Any CPU.ActiveCfg = Debug|Any CPU
		{2F351919-565B-430C-816F-8BAB3996E840}.Debug|Any CPU.Build.0 = Debug|Any CPU
		{2F351919-565B-430C-816F-8BAB3996E840}.FileBroker Debug|Any CPU.ActiveCfg = Debug|Any CPU
		{2F351919-565B-430C-816F-8BAB3996E840}.FileBroker Debug|Any CPU.Build.0 = Debug|Any CPU
		{2F351919-565B-430C-816F-8BAB3996E840}.FOAEA Debug|Any CPU.ActiveCfg = Debug|Any CPU
		{2F351919-565B-430C-816F-8BAB3996E840}.FOAEA Debug|Any CPU.Build.0 = Debug|Any CPU
		{2F351919-565B-430C-816F-8BAB3996E840}.Ops Debug|Any CPU.ActiveCfg = Debug|Any CPU
		{2F351919-565B-430C-816F-8BAB3996E840}.Ops Debug|Any CPU.Build.0 = Debug|Any CPU
		{2F351919-565B-430C-816F-8BAB3996E840}.Release|Any CPU.ActiveCfg = Release|Any CPU
		{2F351919-565B-430C-816F-8BAB3996E840}.Release|Any CPU.Build.0 = Release|Any CPU
		{2F351919-565B-430C-816F-8BAB3996E840}.Tests|Any CPU.ActiveCfg = Debug|Any CPU
		{2F351919-565B-430C-816F-8BAB3996E840}.Tests|Any CPU.Build.0 = Debug|Any CPU
		{A566E653-F632-498E-9DD1-A03434E82A08}.BackendProcesses Debug|Any CPU.ActiveCfg = Debug|Any CPU
		{A566E653-F632-498E-9DD1-A03434E82A08}.BackendProcesses Debug|Any CPU.Build.0 = Debug|Any CPU
		{A566E653-F632-498E-9DD1-A03434E82A08}.Debug|Any CPU.ActiveCfg = Debug|Any CPU
		{A566E653-F632-498E-9DD1-A03434E82A08}.Debug|Any CPU.Build.0 = Debug|Any CPU
		{A566E653-F632-498E-9DD1-A03434E82A08}.FileBroker Debug|Any CPU.ActiveCfg = Debug|Any CPU
		{A566E653-F632-498E-9DD1-A03434E82A08}.FileBroker Debug|Any CPU.Build.0 = Debug|Any CPU
		{A566E653-F632-498E-9DD1-A03434E82A08}.FOAEA Debug|Any CPU.ActiveCfg = Debug|Any CPU
		{A566E653-F632-498E-9DD1-A03434E82A08}.FOAEA Debug|Any CPU.Build.0 = Debug|Any CPU
		{A566E653-F632-498E-9DD1-A03434E82A08}.Ops Debug|Any CPU.ActiveCfg = Debug|Any CPU
		{A566E653-F632-498E-9DD1-A03434E82A08}.Ops Debug|Any CPU.Build.0 = Debug|Any CPU
		{A566E653-F632-498E-9DD1-A03434E82A08}.Release|Any CPU.ActiveCfg = Release|Any CPU
		{A566E653-F632-498E-9DD1-A03434E82A08}.Release|Any CPU.Build.0 = Release|Any CPU
		{A566E653-F632-498E-9DD1-A03434E82A08}.Tests|Any CPU.ActiveCfg = Debug|Any CPU
		{A566E653-F632-498E-9DD1-A03434E82A08}.Tests|Any CPU.Build.0 = Debug|Any CPU
		{2CC4F4CA-D764-4C0D-A2C3-E3DEFA59B6CD}.BackendProcesses Debug|Any CPU.ActiveCfg = Debug|Any CPU
		{2CC4F4CA-D764-4C0D-A2C3-E3DEFA59B6CD}.BackendProcesses Debug|Any CPU.Build.0 = Debug|Any CPU
		{2CC4F4CA-D764-4C0D-A2C3-E3DEFA59B6CD}.Debug|Any CPU.ActiveCfg = Debug|Any CPU
		{2CC4F4CA-D764-4C0D-A2C3-E3DEFA59B6CD}.Debug|Any CPU.Build.0 = Debug|Any CPU
		{2CC4F4CA-D764-4C0D-A2C3-E3DEFA59B6CD}.FileBroker Debug|Any CPU.ActiveCfg = Debug|Any CPU
		{2CC4F4CA-D764-4C0D-A2C3-E3DEFA59B6CD}.FileBroker Debug|Any CPU.Build.0 = Debug|Any CPU
		{2CC4F4CA-D764-4C0D-A2C3-E3DEFA59B6CD}.FOAEA Debug|Any CPU.ActiveCfg = Debug|Any CPU
		{2CC4F4CA-D764-4C0D-A2C3-E3DEFA59B6CD}.FOAEA Debug|Any CPU.Build.0 = Debug|Any CPU
		{2CC4F4CA-D764-4C0D-A2C3-E3DEFA59B6CD}.Ops Debug|Any CPU.ActiveCfg = Debug|Any CPU
		{2CC4F4CA-D764-4C0D-A2C3-E3DEFA59B6CD}.Ops Debug|Any CPU.Build.0 = Debug|Any CPU
		{2CC4F4CA-D764-4C0D-A2C3-E3DEFA59B6CD}.Release|Any CPU.ActiveCfg = Release|Any CPU
		{2CC4F4CA-D764-4C0D-A2C3-E3DEFA59B6CD}.Release|Any CPU.Build.0 = Release|Any CPU
		{2CC4F4CA-D764-4C0D-A2C3-E3DEFA59B6CD}.Tests|Any CPU.ActiveCfg = Debug|Any CPU
		{2CC4F4CA-D764-4C0D-A2C3-E3DEFA59B6CD}.Tests|Any CPU.Build.0 = Debug|Any CPU
		{F367DF99-EC46-4550-8A77-AC1F59A5BA8F}.BackendProcesses Debug|Any CPU.ActiveCfg = Debug|Any CPU
		{F367DF99-EC46-4550-8A77-AC1F59A5BA8F}.BackendProcesses Debug|Any CPU.Build.0 = Debug|Any CPU
		{F367DF99-EC46-4550-8A77-AC1F59A5BA8F}.Debug|Any CPU.ActiveCfg = Debug|Any CPU
		{F367DF99-EC46-4550-8A77-AC1F59A5BA8F}.Debug|Any CPU.Build.0 = Debug|Any CPU
		{F367DF99-EC46-4550-8A77-AC1F59A5BA8F}.FileBroker Debug|Any CPU.ActiveCfg = Debug|Any CPU
		{F367DF99-EC46-4550-8A77-AC1F59A5BA8F}.FileBroker Debug|Any CPU.Build.0 = Debug|Any CPU
		{F367DF99-EC46-4550-8A77-AC1F59A5BA8F}.FOAEA Debug|Any CPU.ActiveCfg = Debug|Any CPU
		{F367DF99-EC46-4550-8A77-AC1F59A5BA8F}.FOAEA Debug|Any CPU.Build.0 = Debug|Any CPU
		{F367DF99-EC46-4550-8A77-AC1F59A5BA8F}.Ops Debug|Any CPU.ActiveCfg = Debug|Any CPU
		{F367DF99-EC46-4550-8A77-AC1F59A5BA8F}.Ops Debug|Any CPU.Build.0 = Debug|Any CPU
		{F367DF99-EC46-4550-8A77-AC1F59A5BA8F}.Release|Any CPU.ActiveCfg = Release|Any CPU
		{F367DF99-EC46-4550-8A77-AC1F59A5BA8F}.Release|Any CPU.Build.0 = Release|Any CPU
		{F367DF99-EC46-4550-8A77-AC1F59A5BA8F}.Tests|Any CPU.ActiveCfg = Debug|Any CPU
		{F367DF99-EC46-4550-8A77-AC1F59A5BA8F}.Tests|Any CPU.Build.0 = Debug|Any CPU
		{EA193C8E-24D3-432A-9F03-6E66DDFA96A4}.BackendProcesses Debug|Any CPU.ActiveCfg = Debug|Any CPU
		{EA193C8E-24D3-432A-9F03-6E66DDFA96A4}.BackendProcesses Debug|Any CPU.Build.0 = Debug|Any CPU
		{EA193C8E-24D3-432A-9F03-6E66DDFA96A4}.Debug|Any CPU.ActiveCfg = Debug|Any CPU
		{EA193C8E-24D3-432A-9F03-6E66DDFA96A4}.Debug|Any CPU.Build.0 = Debug|Any CPU
		{EA193C8E-24D3-432A-9F03-6E66DDFA96A4}.FileBroker Debug|Any CPU.ActiveCfg = Debug|Any CPU
		{EA193C8E-24D3-432A-9F03-6E66DDFA96A4}.FileBroker Debug|Any CPU.Build.0 = Debug|Any CPU
		{EA193C8E-24D3-432A-9F03-6E66DDFA96A4}.FOAEA Debug|Any CPU.ActiveCfg = Debug|Any CPU
		{EA193C8E-24D3-432A-9F03-6E66DDFA96A4}.FOAEA Debug|Any CPU.Build.0 = Debug|Any CPU
		{EA193C8E-24D3-432A-9F03-6E66DDFA96A4}.Ops Debug|Any CPU.ActiveCfg = Debug|Any CPU
		{EA193C8E-24D3-432A-9F03-6E66DDFA96A4}.Ops Debug|Any CPU.Build.0 = Debug|Any CPU
		{EA193C8E-24D3-432A-9F03-6E66DDFA96A4}.Release|Any CPU.ActiveCfg = Release|Any CPU
		{EA193C8E-24D3-432A-9F03-6E66DDFA96A4}.Release|Any CPU.Build.0 = Release|Any CPU
		{EA193C8E-24D3-432A-9F03-6E66DDFA96A4}.Tests|Any CPU.ActiveCfg = Debug|Any CPU
		{EA193C8E-24D3-432A-9F03-6E66DDFA96A4}.Tests|Any CPU.Build.0 = Debug|Any CPU
		{7F22323A-637B-43DF-86F8-07DDFAF9348D}.BackendProcesses Debug|Any CPU.ActiveCfg = Debug|Any CPU
		{7F22323A-637B-43DF-86F8-07DDFAF9348D}.BackendProcesses Debug|Any CPU.Build.0 = Debug|Any CPU
		{7F22323A-637B-43DF-86F8-07DDFAF9348D}.Debug|Any CPU.ActiveCfg = Debug|Any CPU
		{7F22323A-637B-43DF-86F8-07DDFAF9348D}.Debug|Any CPU.Build.0 = Debug|Any CPU
		{7F22323A-637B-43DF-86F8-07DDFAF9348D}.FileBroker Debug|Any CPU.ActiveCfg = Debug|Any CPU
		{7F22323A-637B-43DF-86F8-07DDFAF9348D}.FileBroker Debug|Any CPU.Build.0 = Debug|Any CPU
		{7F22323A-637B-43DF-86F8-07DDFAF9348D}.FOAEA Debug|Any CPU.ActiveCfg = Debug|Any CPU
		{7F22323A-637B-43DF-86F8-07DDFAF9348D}.FOAEA Debug|Any CPU.Build.0 = Debug|Any CPU
		{7F22323A-637B-43DF-86F8-07DDFAF9348D}.Ops Debug|Any CPU.ActiveCfg = Debug|Any CPU
		{7F22323A-637B-43DF-86F8-07DDFAF9348D}.Ops Debug|Any CPU.Build.0 = Debug|Any CPU
		{7F22323A-637B-43DF-86F8-07DDFAF9348D}.Release|Any CPU.ActiveCfg = Release|Any CPU
		{7F22323A-637B-43DF-86F8-07DDFAF9348D}.Release|Any CPU.Build.0 = Release|Any CPU
		{7F22323A-637B-43DF-86F8-07DDFAF9348D}.Tests|Any CPU.ActiveCfg = Debug|Any CPU
		{7F22323A-637B-43DF-86F8-07DDFAF9348D}.Tests|Any CPU.Build.0 = Debug|Any CPU
		{5F16F983-80F8-4698-98E7-2EC9360CA183}.BackendProcesses Debug|Any CPU.ActiveCfg = Debug|Any CPU
		{5F16F983-80F8-4698-98E7-2EC9360CA183}.BackendProcesses Debug|Any CPU.Build.0 = Debug|Any CPU
		{5F16F983-80F8-4698-98E7-2EC9360CA183}.Debug|Any CPU.ActiveCfg = Debug|Any CPU
		{5F16F983-80F8-4698-98E7-2EC9360CA183}.Debug|Any CPU.Build.0 = Debug|Any CPU
		{5F16F983-80F8-4698-98E7-2EC9360CA183}.FileBroker Debug|Any CPU.ActiveCfg = Debug|Any CPU
		{5F16F983-80F8-4698-98E7-2EC9360CA183}.FileBroker Debug|Any CPU.Build.0 = Debug|Any CPU
		{5F16F983-80F8-4698-98E7-2EC9360CA183}.FOAEA Debug|Any CPU.ActiveCfg = Debug|Any CPU
		{5F16F983-80F8-4698-98E7-2EC9360CA183}.FOAEA Debug|Any CPU.Build.0 = Debug|Any CPU
		{5F16F983-80F8-4698-98E7-2EC9360CA183}.Ops Debug|Any CPU.ActiveCfg = Debug|Any CPU
		{5F16F983-80F8-4698-98E7-2EC9360CA183}.Ops Debug|Any CPU.Build.0 = Debug|Any CPU
		{5F16F983-80F8-4698-98E7-2EC9360CA183}.Release|Any CPU.ActiveCfg = Release|Any CPU
		{5F16F983-80F8-4698-98E7-2EC9360CA183}.Release|Any CPU.Build.0 = Release|Any CPU
		{5F16F983-80F8-4698-98E7-2EC9360CA183}.Tests|Any CPU.ActiveCfg = Debug|Any CPU
		{5F16F983-80F8-4698-98E7-2EC9360CA183}.Tests|Any CPU.Build.0 = Debug|Any CPU
		{D237B2A1-7AAE-4D71-876C-DDFB9217196F}.BackendProcesses Debug|Any CPU.ActiveCfg = Debug|Any CPU
		{D237B2A1-7AAE-4D71-876C-DDFB9217196F}.BackendProcesses Debug|Any CPU.Build.0 = Debug|Any CPU
		{D237B2A1-7AAE-4D71-876C-DDFB9217196F}.Debug|Any CPU.ActiveCfg = Debug|Any CPU
		{D237B2A1-7AAE-4D71-876C-DDFB9217196F}.Debug|Any CPU.Build.0 = Debug|Any CPU
		{D237B2A1-7AAE-4D71-876C-DDFB9217196F}.FileBroker Debug|Any CPU.ActiveCfg = Debug|Any CPU
		{D237B2A1-7AAE-4D71-876C-DDFB9217196F}.FileBroker Debug|Any CPU.Build.0 = Debug|Any CPU
		{D237B2A1-7AAE-4D71-876C-DDFB9217196F}.FOAEA Debug|Any CPU.ActiveCfg = Debug|Any CPU
		{D237B2A1-7AAE-4D71-876C-DDFB9217196F}.FOAEA Debug|Any CPU.Build.0 = Debug|Any CPU
		{D237B2A1-7AAE-4D71-876C-DDFB9217196F}.Ops Debug|Any CPU.ActiveCfg = Debug|Any CPU
		{D237B2A1-7AAE-4D71-876C-DDFB9217196F}.Ops Debug|Any CPU.Build.0 = Debug|Any CPU
		{D237B2A1-7AAE-4D71-876C-DDFB9217196F}.Release|Any CPU.ActiveCfg = Release|Any CPU
		{D237B2A1-7AAE-4D71-876C-DDFB9217196F}.Release|Any CPU.Build.0 = Release|Any CPU
		{D237B2A1-7AAE-4D71-876C-DDFB9217196F}.Tests|Any CPU.ActiveCfg = Debug|Any CPU
		{D237B2A1-7AAE-4D71-876C-DDFB9217196F}.Tests|Any CPU.Build.0 = Debug|Any CPU
		{245FCF12-0820-43FA-927B-46734F83E3E5}.BackendProcesses Debug|Any CPU.ActiveCfg = Debug|Any CPU
		{245FCF12-0820-43FA-927B-46734F83E3E5}.BackendProcesses Debug|Any CPU.Build.0 = Debug|Any CPU
		{245FCF12-0820-43FA-927B-46734F83E3E5}.Debug|Any CPU.ActiveCfg = Debug|Any CPU
		{245FCF12-0820-43FA-927B-46734F83E3E5}.Debug|Any CPU.Build.0 = Debug|Any CPU
		{245FCF12-0820-43FA-927B-46734F83E3E5}.FileBroker Debug|Any CPU.ActiveCfg = Debug|Any CPU
		{245FCF12-0820-43FA-927B-46734F83E3E5}.FileBroker Debug|Any CPU.Build.0 = Debug|Any CPU
		{245FCF12-0820-43FA-927B-46734F83E3E5}.FOAEA Debug|Any CPU.ActiveCfg = Debug|Any CPU
		{245FCF12-0820-43FA-927B-46734F83E3E5}.FOAEA Debug|Any CPU.Build.0 = Debug|Any CPU
		{245FCF12-0820-43FA-927B-46734F83E3E5}.Ops Debug|Any CPU.ActiveCfg = Debug|Any CPU
		{245FCF12-0820-43FA-927B-46734F83E3E5}.Ops Debug|Any CPU.Build.0 = Debug|Any CPU
		{245FCF12-0820-43FA-927B-46734F83E3E5}.Release|Any CPU.ActiveCfg = Release|Any CPU
		{245FCF12-0820-43FA-927B-46734F83E3E5}.Release|Any CPU.Build.0 = Release|Any CPU
		{245FCF12-0820-43FA-927B-46734F83E3E5}.Tests|Any CPU.ActiveCfg = Debug|Any CPU
		{245FCF12-0820-43FA-927B-46734F83E3E5}.Tests|Any CPU.Build.0 = Debug|Any CPU
		{4136246D-C681-4DDD-AA70-A8AEC53EED72}.BackendProcesses Debug|Any CPU.ActiveCfg = Debug|Any CPU
		{4136246D-C681-4DDD-AA70-A8AEC53EED72}.BackendProcesses Debug|Any CPU.Build.0 = Debug|Any CPU
		{4136246D-C681-4DDD-AA70-A8AEC53EED72}.Debug|Any CPU.ActiveCfg = Debug|Any CPU
		{4136246D-C681-4DDD-AA70-A8AEC53EED72}.Debug|Any CPU.Build.0 = Debug|Any CPU
		{4136246D-C681-4DDD-AA70-A8AEC53EED72}.FileBroker Debug|Any CPU.ActiveCfg = Debug|Any CPU
		{4136246D-C681-4DDD-AA70-A8AEC53EED72}.FileBroker Debug|Any CPU.Build.0 = Debug|Any CPU
		{4136246D-C681-4DDD-AA70-A8AEC53EED72}.FOAEA Debug|Any CPU.ActiveCfg = Debug|Any CPU
		{4136246D-C681-4DDD-AA70-A8AEC53EED72}.FOAEA Debug|Any CPU.Build.0 = Debug|Any CPU
		{4136246D-C681-4DDD-AA70-A8AEC53EED72}.Ops Debug|Any CPU.ActiveCfg = Debug|Any CPU
		{4136246D-C681-4DDD-AA70-A8AEC53EED72}.Ops Debug|Any CPU.Build.0 = Debug|Any CPU
		{4136246D-C681-4DDD-AA70-A8AEC53EED72}.Release|Any CPU.ActiveCfg = Release|Any CPU
		{4136246D-C681-4DDD-AA70-A8AEC53EED72}.Release|Any CPU.Build.0 = Release|Any CPU
		{4136246D-C681-4DDD-AA70-A8AEC53EED72}.Tests|Any CPU.ActiveCfg = Debug|Any CPU
		{4136246D-C681-4DDD-AA70-A8AEC53EED72}.Tests|Any CPU.Build.0 = Debug|Any CPU
		{EEAA64C2-292D-4BD5-AC4B-09E202622E53}.BackendProcesses Debug|Any CPU.ActiveCfg = Debug|Any CPU
		{EEAA64C2-292D-4BD5-AC4B-09E202622E53}.BackendProcesses Debug|Any CPU.Build.0 = Debug|Any CPU
		{EEAA64C2-292D-4BD5-AC4B-09E202622E53}.Debug|Any CPU.ActiveCfg = Debug|Any CPU
		{EEAA64C2-292D-4BD5-AC4B-09E202622E53}.Debug|Any CPU.Build.0 = Debug|Any CPU
		{EEAA64C2-292D-4BD5-AC4B-09E202622E53}.FileBroker Debug|Any CPU.ActiveCfg = Debug|Any CPU
		{EEAA64C2-292D-4BD5-AC4B-09E202622E53}.FileBroker Debug|Any CPU.Build.0 = Debug|Any CPU
		{EEAA64C2-292D-4BD5-AC4B-09E202622E53}.FOAEA Debug|Any CPU.ActiveCfg = Debug|Any CPU
		{EEAA64C2-292D-4BD5-AC4B-09E202622E53}.FOAEA Debug|Any CPU.Build.0 = Debug|Any CPU
		{EEAA64C2-292D-4BD5-AC4B-09E202622E53}.Ops Debug|Any CPU.ActiveCfg = Debug|Any CPU
		{EEAA64C2-292D-4BD5-AC4B-09E202622E53}.Ops Debug|Any CPU.Build.0 = Debug|Any CPU
		{EEAA64C2-292D-4BD5-AC4B-09E202622E53}.Release|Any CPU.ActiveCfg = Release|Any CPU
		{EEAA64C2-292D-4BD5-AC4B-09E202622E53}.Release|Any CPU.Build.0 = Release|Any CPU
		{EEAA64C2-292D-4BD5-AC4B-09E202622E53}.Tests|Any CPU.ActiveCfg = Debug|Any CPU
		{EEAA64C2-292D-4BD5-AC4B-09E202622E53}.Tests|Any CPU.Build.0 = Debug|Any CPU
		{1A01E511-AC78-432F-B091-691C35C0826A}.BackendProcesses Debug|Any CPU.ActiveCfg = Debug|Any CPU
		{1A01E511-AC78-432F-B091-691C35C0826A}.BackendProcesses Debug|Any CPU.Build.0 = Debug|Any CPU
		{1A01E511-AC78-432F-B091-691C35C0826A}.Debug|Any CPU.ActiveCfg = Debug|Any CPU
		{1A01E511-AC78-432F-B091-691C35C0826A}.Debug|Any CPU.Build.0 = Debug|Any CPU
		{1A01E511-AC78-432F-B091-691C35C0826A}.FileBroker Debug|Any CPU.ActiveCfg = Debug|Any CPU
		{1A01E511-AC78-432F-B091-691C35C0826A}.FileBroker Debug|Any CPU.Build.0 = Debug|Any CPU
		{1A01E511-AC78-432F-B091-691C35C0826A}.FOAEA Debug|Any CPU.ActiveCfg = Debug|Any CPU
		{1A01E511-AC78-432F-B091-691C35C0826A}.FOAEA Debug|Any CPU.Build.0 = Debug|Any CPU
		{1A01E511-AC78-432F-B091-691C35C0826A}.Ops Debug|Any CPU.ActiveCfg = Debug|Any CPU
		{1A01E511-AC78-432F-B091-691C35C0826A}.Ops Debug|Any CPU.Build.0 = Debug|Any CPU
		{1A01E511-AC78-432F-B091-691C35C0826A}.Release|Any CPU.ActiveCfg = Release|Any CPU
		{1A01E511-AC78-432F-B091-691C35C0826A}.Release|Any CPU.Build.0 = Release|Any CPU
		{1A01E511-AC78-432F-B091-691C35C0826A}.Tests|Any CPU.ActiveCfg = Debug|Any CPU
		{1A01E511-AC78-432F-B091-691C35C0826A}.Tests|Any CPU.Build.0 = Debug|Any CPU
		{0AABE5D9-A8BA-4289-B4B4-5E0141A081EE}.BackendProcesses Debug|Any CPU.ActiveCfg = Debug|Any CPU
		{0AABE5D9-A8BA-4289-B4B4-5E0141A081EE}.BackendProcesses Debug|Any CPU.Build.0 = Debug|Any CPU
		{0AABE5D9-A8BA-4289-B4B4-5E0141A081EE}.Debug|Any CPU.ActiveCfg = Debug|Any CPU
		{0AABE5D9-A8BA-4289-B4B4-5E0141A081EE}.Debug|Any CPU.Build.0 = Debug|Any CPU
		{0AABE5D9-A8BA-4289-B4B4-5E0141A081EE}.FileBroker Debug|Any CPU.ActiveCfg = Debug|Any CPU
		{0AABE5D9-A8BA-4289-B4B4-5E0141A081EE}.FileBroker Debug|Any CPU.Build.0 = Debug|Any CPU
		{0AABE5D9-A8BA-4289-B4B4-5E0141A081EE}.FOAEA Debug|Any CPU.ActiveCfg = Debug|Any CPU
		{0AABE5D9-A8BA-4289-B4B4-5E0141A081EE}.FOAEA Debug|Any CPU.Build.0 = Debug|Any CPU
		{0AABE5D9-A8BA-4289-B4B4-5E0141A081EE}.Ops Debug|Any CPU.ActiveCfg = Debug|Any CPU
		{0AABE5D9-A8BA-4289-B4B4-5E0141A081EE}.Ops Debug|Any CPU.Build.0 = Debug|Any CPU
		{0AABE5D9-A8BA-4289-B4B4-5E0141A081EE}.Release|Any CPU.ActiveCfg = Release|Any CPU
		{0AABE5D9-A8BA-4289-B4B4-5E0141A081EE}.Release|Any CPU.Build.0 = Release|Any CPU
		{0AABE5D9-A8BA-4289-B4B4-5E0141A081EE}.Tests|Any CPU.ActiveCfg = Debug|Any CPU
		{0AABE5D9-A8BA-4289-B4B4-5E0141A081EE}.Tests|Any CPU.Build.0 = Debug|Any CPU
		{37E31B84-D758-4E28-AAB7-00070FD1527E}.BackendProcesses Debug|Any CPU.ActiveCfg = Debug|Any CPU
		{37E31B84-D758-4E28-AAB7-00070FD1527E}.BackendProcesses Debug|Any CPU.Build.0 = Debug|Any CPU
		{37E31B84-D758-4E28-AAB7-00070FD1527E}.Debug|Any CPU.ActiveCfg = Debug|Any CPU
		{37E31B84-D758-4E28-AAB7-00070FD1527E}.Debug|Any CPU.Build.0 = Debug|Any CPU
		{37E31B84-D758-4E28-AAB7-00070FD1527E}.FileBroker Debug|Any CPU.ActiveCfg = Debug|Any CPU
		{37E31B84-D758-4E28-AAB7-00070FD1527E}.FileBroker Debug|Any CPU.Build.0 = Debug|Any CPU
		{37E31B84-D758-4E28-AAB7-00070FD1527E}.FOAEA Debug|Any CPU.ActiveCfg = Debug|Any CPU
		{37E31B84-D758-4E28-AAB7-00070FD1527E}.FOAEA Debug|Any CPU.Build.0 = Debug|Any CPU
		{37E31B84-D758-4E28-AAB7-00070FD1527E}.Ops Debug|Any CPU.ActiveCfg = Debug|Any CPU
		{37E31B84-D758-4E28-AAB7-00070FD1527E}.Ops Debug|Any CPU.Build.0 = Debug|Any CPU
		{37E31B84-D758-4E28-AAB7-00070FD1527E}.Release|Any CPU.ActiveCfg = Release|Any CPU
		{37E31B84-D758-4E28-AAB7-00070FD1527E}.Release|Any CPU.Build.0 = Release|Any CPU
		{37E31B84-D758-4E28-AAB7-00070FD1527E}.Tests|Any CPU.ActiveCfg = Debug|Any CPU
		{37E31B84-D758-4E28-AAB7-00070FD1527E}.Tests|Any CPU.Build.0 = Debug|Any CPU
		{51E11DE1-5CA6-4910-B1E4-CA8F5960B4D6}.BackendProcesses Debug|Any CPU.ActiveCfg = Debug|Any CPU
		{51E11DE1-5CA6-4910-B1E4-CA8F5960B4D6}.BackendProcesses Debug|Any CPU.Build.0 = Debug|Any CPU
		{51E11DE1-5CA6-4910-B1E4-CA8F5960B4D6}.Debug|Any CPU.ActiveCfg = Debug|Any CPU
		{51E11DE1-5CA6-4910-B1E4-CA8F5960B4D6}.Debug|Any CPU.Build.0 = Debug|Any CPU
		{51E11DE1-5CA6-4910-B1E4-CA8F5960B4D6}.FileBroker Debug|Any CPU.ActiveCfg = Debug|Any CPU
		{51E11DE1-5CA6-4910-B1E4-CA8F5960B4D6}.FileBroker Debug|Any CPU.Build.0 = Debug|Any CPU
		{51E11DE1-5CA6-4910-B1E4-CA8F5960B4D6}.FOAEA Debug|Any CPU.ActiveCfg = Debug|Any CPU
		{51E11DE1-5CA6-4910-B1E4-CA8F5960B4D6}.FOAEA Debug|Any CPU.Build.0 = Debug|Any CPU
		{51E11DE1-5CA6-4910-B1E4-CA8F5960B4D6}.Ops Debug|Any CPU.ActiveCfg = Debug|Any CPU
		{51E11DE1-5CA6-4910-B1E4-CA8F5960B4D6}.Ops Debug|Any CPU.Build.0 = Debug|Any CPU
		{51E11DE1-5CA6-4910-B1E4-CA8F5960B4D6}.Release|Any CPU.ActiveCfg = Release|Any CPU
		{51E11DE1-5CA6-4910-B1E4-CA8F5960B4D6}.Release|Any CPU.Build.0 = Release|Any CPU
		{51E11DE1-5CA6-4910-B1E4-CA8F5960B4D6}.Tests|Any CPU.ActiveCfg = Debug|Any CPU
		{51E11DE1-5CA6-4910-B1E4-CA8F5960B4D6}.Tests|Any CPU.Build.0 = Debug|Any CPU
		{15441CD0-0ADB-4A72-A4F1-D67B3E4CE168}.BackendProcesses Debug|Any CPU.ActiveCfg = Debug|Any CPU
		{15441CD0-0ADB-4A72-A4F1-D67B3E4CE168}.BackendProcesses Debug|Any CPU.Build.0 = Debug|Any CPU
		{15441CD0-0ADB-4A72-A4F1-D67B3E4CE168}.Debug|Any CPU.ActiveCfg = Debug|Any CPU
		{15441CD0-0ADB-4A72-A4F1-D67B3E4CE168}.Debug|Any CPU.Build.0 = Debug|Any CPU
		{15441CD0-0ADB-4A72-A4F1-D67B3E4CE168}.FileBroker Debug|Any CPU.ActiveCfg = Debug|Any CPU
		{15441CD0-0ADB-4A72-A4F1-D67B3E4CE168}.FileBroker Debug|Any CPU.Build.0 = Debug|Any CPU
		{15441CD0-0ADB-4A72-A4F1-D67B3E4CE168}.FOAEA Debug|Any CPU.ActiveCfg = Debug|Any CPU
		{15441CD0-0ADB-4A72-A4F1-D67B3E4CE168}.FOAEA Debug|Any CPU.Build.0 = Debug|Any CPU
		{15441CD0-0ADB-4A72-A4F1-D67B3E4CE168}.Ops Debug|Any CPU.ActiveCfg = Debug|Any CPU
		{15441CD0-0ADB-4A72-A4F1-D67B3E4CE168}.Ops Debug|Any CPU.Build.0 = Debug|Any CPU
		{15441CD0-0ADB-4A72-A4F1-D67B3E4CE168}.Release|Any CPU.ActiveCfg = Release|Any CPU
		{15441CD0-0ADB-4A72-A4F1-D67B3E4CE168}.Release|Any CPU.Build.0 = Release|Any CPU
		{15441CD0-0ADB-4A72-A4F1-D67B3E4CE168}.Tests|Any CPU.ActiveCfg = Debug|Any CPU
		{15441CD0-0ADB-4A72-A4F1-D67B3E4CE168}.Tests|Any CPU.Build.0 = Debug|Any CPU
		{1CEDB2AE-9528-46A5-AD60-B0DDDBD4A942}.BackendProcesses Debug|Any CPU.ActiveCfg = Debug|Any CPU
		{1CEDB2AE-9528-46A5-AD60-B0DDDBD4A942}.BackendProcesses Debug|Any CPU.Build.0 = Debug|Any CPU
		{1CEDB2AE-9528-46A5-AD60-B0DDDBD4A942}.Debug|Any CPU.ActiveCfg = Debug|Any CPU
		{1CEDB2AE-9528-46A5-AD60-B0DDDBD4A942}.Debug|Any CPU.Build.0 = Debug|Any CPU
		{1CEDB2AE-9528-46A5-AD60-B0DDDBD4A942}.FileBroker Debug|Any CPU.ActiveCfg = Debug|Any CPU
		{1CEDB2AE-9528-46A5-AD60-B0DDDBD4A942}.FileBroker Debug|Any CPU.Build.0 = Debug|Any CPU
		{1CEDB2AE-9528-46A5-AD60-B0DDDBD4A942}.FOAEA Debug|Any CPU.ActiveCfg = Debug|Any CPU
		{1CEDB2AE-9528-46A5-AD60-B0DDDBD4A942}.FOAEA Debug|Any CPU.Build.0 = Debug|Any CPU
		{1CEDB2AE-9528-46A5-AD60-B0DDDBD4A942}.Ops Debug|Any CPU.ActiveCfg = Debug|Any CPU
		{1CEDB2AE-9528-46A5-AD60-B0DDDBD4A942}.Ops Debug|Any CPU.Build.0 = Debug|Any CPU
		{1CEDB2AE-9528-46A5-AD60-B0DDDBD4A942}.Release|Any CPU.ActiveCfg = Release|Any CPU
		{1CEDB2AE-9528-46A5-AD60-B0DDDBD4A942}.Release|Any CPU.Build.0 = Release|Any CPU
		{1CEDB2AE-9528-46A5-AD60-B0DDDBD4A942}.Tests|Any CPU.ActiveCfg = Debug|Any CPU
		{1CEDB2AE-9528-46A5-AD60-B0DDDBD4A942}.Tests|Any CPU.Build.0 = Debug|Any CPU
		{ECD144E5-2411-4D01-ADF2-E6B01931A553}.BackendProcesses Debug|Any CPU.ActiveCfg = Debug|Any CPU
		{ECD144E5-2411-4D01-ADF2-E6B01931A553}.BackendProcesses Debug|Any CPU.Build.0 = Debug|Any CPU
		{ECD144E5-2411-4D01-ADF2-E6B01931A553}.Debug|Any CPU.ActiveCfg = Debug|Any CPU
		{ECD144E5-2411-4D01-ADF2-E6B01931A553}.Debug|Any CPU.Build.0 = Debug|Any CPU
		{ECD144E5-2411-4D01-ADF2-E6B01931A553}.FileBroker Debug|Any CPU.ActiveCfg = Debug|Any CPU
		{ECD144E5-2411-4D01-ADF2-E6B01931A553}.FileBroker Debug|Any CPU.Build.0 = Debug|Any CPU
		{ECD144E5-2411-4D01-ADF2-E6B01931A553}.FOAEA Debug|Any CPU.ActiveCfg = Debug|Any CPU
		{ECD144E5-2411-4D01-ADF2-E6B01931A553}.FOAEA Debug|Any CPU.Build.0 = Debug|Any CPU
		{ECD144E5-2411-4D01-ADF2-E6B01931A553}.Ops Debug|Any CPU.ActiveCfg = Debug|Any CPU
		{ECD144E5-2411-4D01-ADF2-E6B01931A553}.Ops Debug|Any CPU.Build.0 = Debug|Any CPU
		{ECD144E5-2411-4D01-ADF2-E6B01931A553}.Release|Any CPU.ActiveCfg = Release|Any CPU
		{ECD144E5-2411-4D01-ADF2-E6B01931A553}.Release|Any CPU.Build.0 = Release|Any CPU
		{ECD144E5-2411-4D01-ADF2-E6B01931A553}.Tests|Any CPU.ActiveCfg = Debug|Any CPU
		{ECD144E5-2411-4D01-ADF2-E6B01931A553}.Tests|Any CPU.Build.0 = Debug|Any CPU
		{70EC9CB3-8DDB-41FD-888A-9589709DFFB0}.BackendProcesses Debug|Any CPU.ActiveCfg = Debug|Any CPU
		{70EC9CB3-8DDB-41FD-888A-9589709DFFB0}.BackendProcesses Debug|Any CPU.Build.0 = Debug|Any CPU
		{70EC9CB3-8DDB-41FD-888A-9589709DFFB0}.Debug|Any CPU.ActiveCfg = Debug|Any CPU
		{70EC9CB3-8DDB-41FD-888A-9589709DFFB0}.Debug|Any CPU.Build.0 = Debug|Any CPU
		{70EC9CB3-8DDB-41FD-888A-9589709DFFB0}.FileBroker Debug|Any CPU.ActiveCfg = Debug|Any CPU
		{70EC9CB3-8DDB-41FD-888A-9589709DFFB0}.FileBroker Debug|Any CPU.Build.0 = Debug|Any CPU
		{70EC9CB3-8DDB-41FD-888A-9589709DFFB0}.FOAEA Debug|Any CPU.ActiveCfg = Debug|Any CPU
		{70EC9CB3-8DDB-41FD-888A-9589709DFFB0}.FOAEA Debug|Any CPU.Build.0 = Debug|Any CPU
		{70EC9CB3-8DDB-41FD-888A-9589709DFFB0}.Ops Debug|Any CPU.ActiveCfg = Debug|Any CPU
		{70EC9CB3-8DDB-41FD-888A-9589709DFFB0}.Ops Debug|Any CPU.Build.0 = Debug|Any CPU
		{70EC9CB3-8DDB-41FD-888A-9589709DFFB0}.Release|Any CPU.ActiveCfg = Release|Any CPU
		{70EC9CB3-8DDB-41FD-888A-9589709DFFB0}.Release|Any CPU.Build.0 = Release|Any CPU
		{70EC9CB3-8DDB-41FD-888A-9589709DFFB0}.Tests|Any CPU.ActiveCfg = Debug|Any CPU
		{70EC9CB3-8DDB-41FD-888A-9589709DFFB0}.Tests|Any CPU.Build.0 = Debug|Any CPU
		{8827F98A-7DF2-4E2A-82E7-FA06988C30B8}.BackendProcesses Debug|Any CPU.ActiveCfg = Debug|Any CPU
		{8827F98A-7DF2-4E2A-82E7-FA06988C30B8}.BackendProcesses Debug|Any CPU.Build.0 = Debug|Any CPU
		{8827F98A-7DF2-4E2A-82E7-FA06988C30B8}.Debug|Any CPU.ActiveCfg = Debug|Any CPU
		{8827F98A-7DF2-4E2A-82E7-FA06988C30B8}.Debug|Any CPU.Build.0 = Debug|Any CPU
		{8827F98A-7DF2-4E2A-82E7-FA06988C30B8}.FileBroker Debug|Any CPU.ActiveCfg = Debug|Any CPU
		{8827F98A-7DF2-4E2A-82E7-FA06988C30B8}.FileBroker Debug|Any CPU.Build.0 = Debug|Any CPU
		{8827F98A-7DF2-4E2A-82E7-FA06988C30B8}.FOAEA Debug|Any CPU.ActiveCfg = Debug|Any CPU
		{8827F98A-7DF2-4E2A-82E7-FA06988C30B8}.FOAEA Debug|Any CPU.Build.0 = Debug|Any CPU
		{8827F98A-7DF2-4E2A-82E7-FA06988C30B8}.Ops Debug|Any CPU.ActiveCfg = Debug|Any CPU
		{8827F98A-7DF2-4E2A-82E7-FA06988C30B8}.Ops Debug|Any CPU.Build.0 = Debug|Any CPU
		{8827F98A-7DF2-4E2A-82E7-FA06988C30B8}.Release|Any CPU.ActiveCfg = Release|Any CPU
		{8827F98A-7DF2-4E2A-82E7-FA06988C30B8}.Release|Any CPU.Build.0 = Release|Any CPU
		{8827F98A-7DF2-4E2A-82E7-FA06988C30B8}.Tests|Any CPU.ActiveCfg = Debug|Any CPU
		{8827F98A-7DF2-4E2A-82E7-FA06988C30B8}.Tests|Any CPU.Build.0 = Debug|Any CPU
		{72EDD86C-8E3A-4FB9-A9D3-DDC8B059F714}.BackendProcesses Debug|Any CPU.ActiveCfg = Debug|Any CPU
		{72EDD86C-8E3A-4FB9-A9D3-DDC8B059F714}.BackendProcesses Debug|Any CPU.Build.0 = Debug|Any CPU
		{72EDD86C-8E3A-4FB9-A9D3-DDC8B059F714}.Debug|Any CPU.ActiveCfg = Debug|Any CPU
		{72EDD86C-8E3A-4FB9-A9D3-DDC8B059F714}.Debug|Any CPU.Build.0 = Debug|Any CPU
		{72EDD86C-8E3A-4FB9-A9D3-DDC8B059F714}.FileBroker Debug|Any CPU.ActiveCfg = Debug|Any CPU
		{72EDD86C-8E3A-4FB9-A9D3-DDC8B059F714}.FileBroker Debug|Any CPU.Build.0 = Debug|Any CPU
		{72EDD86C-8E3A-4FB9-A9D3-DDC8B059F714}.FOAEA Debug|Any CPU.ActiveCfg = Debug|Any CPU
		{72EDD86C-8E3A-4FB9-A9D3-DDC8B059F714}.FOAEA Debug|Any CPU.Build.0 = Debug|Any CPU
		{72EDD86C-8E3A-4FB9-A9D3-DDC8B059F714}.Ops Debug|Any CPU.ActiveCfg = Debug|Any CPU
		{72EDD86C-8E3A-4FB9-A9D3-DDC8B059F714}.Ops Debug|Any CPU.Build.0 = Debug|Any CPU
		{72EDD86C-8E3A-4FB9-A9D3-DDC8B059F714}.Release|Any CPU.ActiveCfg = Release|Any CPU
		{72EDD86C-8E3A-4FB9-A9D3-DDC8B059F714}.Release|Any CPU.Build.0 = Release|Any CPU
		{72EDD86C-8E3A-4FB9-A9D3-DDC8B059F714}.Tests|Any CPU.ActiveCfg = Debug|Any CPU
		{72EDD86C-8E3A-4FB9-A9D3-DDC8B059F714}.Tests|Any CPU.Build.0 = Debug|Any CPU
		{FB8D9EE7-1D0D-418A-8EEC-E1CB314E9BC9}.BackendProcesses Debug|Any CPU.ActiveCfg = Debug|Any CPU
		{FB8D9EE7-1D0D-418A-8EEC-E1CB314E9BC9}.BackendProcesses Debug|Any CPU.Build.0 = Debug|Any CPU
		{FB8D9EE7-1D0D-418A-8EEC-E1CB314E9BC9}.Debug|Any CPU.ActiveCfg = Debug|Any CPU
		{FB8D9EE7-1D0D-418A-8EEC-E1CB314E9BC9}.Debug|Any CPU.Build.0 = Debug|Any CPU
		{FB8D9EE7-1D0D-418A-8EEC-E1CB314E9BC9}.FileBroker Debug|Any CPU.ActiveCfg = Debug|Any CPU
		{FB8D9EE7-1D0D-418A-8EEC-E1CB314E9BC9}.FileBroker Debug|Any CPU.Build.0 = Debug|Any CPU
		{FB8D9EE7-1D0D-418A-8EEC-E1CB314E9BC9}.FOAEA Debug|Any CPU.ActiveCfg = Debug|Any CPU
		{FB8D9EE7-1D0D-418A-8EEC-E1CB314E9BC9}.FOAEA Debug|Any CPU.Build.0 = Debug|Any CPU
		{FB8D9EE7-1D0D-418A-8EEC-E1CB314E9BC9}.Ops Debug|Any CPU.ActiveCfg = Debug|Any CPU
		{FB8D9EE7-1D0D-418A-8EEC-E1CB314E9BC9}.Ops Debug|Any CPU.Build.0 = Debug|Any CPU
		{FB8D9EE7-1D0D-418A-8EEC-E1CB314E9BC9}.Release|Any CPU.ActiveCfg = Release|Any CPU
		{FB8D9EE7-1D0D-418A-8EEC-E1CB314E9BC9}.Release|Any CPU.Build.0 = Release|Any CPU
		{FB8D9EE7-1D0D-418A-8EEC-E1CB314E9BC9}.Tests|Any CPU.ActiveCfg = Debug|Any CPU
		{FB8D9EE7-1D0D-418A-8EEC-E1CB314E9BC9}.Tests|Any CPU.Build.0 = Debug|Any CPU
		{FAB2F2A1-2722-44C8-ADEC-A6E5066622CF}.BackendProcesses Debug|Any CPU.ActiveCfg = Debug|Any CPU
		{FAB2F2A1-2722-44C8-ADEC-A6E5066622CF}.BackendProcesses Debug|Any CPU.Build.0 = Debug|Any CPU
		{FAB2F2A1-2722-44C8-ADEC-A6E5066622CF}.Debug|Any CPU.ActiveCfg = Debug|Any CPU
		{FAB2F2A1-2722-44C8-ADEC-A6E5066622CF}.Debug|Any CPU.Build.0 = Debug|Any CPU
		{FAB2F2A1-2722-44C8-ADEC-A6E5066622CF}.FileBroker Debug|Any CPU.ActiveCfg = Debug|Any CPU
		{FAB2F2A1-2722-44C8-ADEC-A6E5066622CF}.FileBroker Debug|Any CPU.Build.0 = Debug|Any CPU
		{FAB2F2A1-2722-44C8-ADEC-A6E5066622CF}.FOAEA Debug|Any CPU.ActiveCfg = Debug|Any CPU
		{FAB2F2A1-2722-44C8-ADEC-A6E5066622CF}.FOAEA Debug|Any CPU.Build.0 = Debug|Any CPU
		{FAB2F2A1-2722-44C8-ADEC-A6E5066622CF}.Ops Debug|Any CPU.ActiveCfg = Debug|Any CPU
		{FAB2F2A1-2722-44C8-ADEC-A6E5066622CF}.Ops Debug|Any CPU.Build.0 = Debug|Any CPU
		{FAB2F2A1-2722-44C8-ADEC-A6E5066622CF}.Release|Any CPU.ActiveCfg = Release|Any CPU
		{FAB2F2A1-2722-44C8-ADEC-A6E5066622CF}.Release|Any CPU.Build.0 = Release|Any CPU
		{FAB2F2A1-2722-44C8-ADEC-A6E5066622CF}.Tests|Any CPU.ActiveCfg = Debug|Any CPU
		{FAB2F2A1-2722-44C8-ADEC-A6E5066622CF}.Tests|Any CPU.Build.0 = Debug|Any CPU
		{690070AF-8D52-42AF-B4BD-C0A0AC903333}.BackendProcesses Debug|Any CPU.ActiveCfg = Debug|Any CPU
		{690070AF-8D52-42AF-B4BD-C0A0AC903333}.BackendProcesses Debug|Any CPU.Build.0 = Debug|Any CPU
		{690070AF-8D52-42AF-B4BD-C0A0AC903333}.Debug|Any CPU.ActiveCfg = Debug|Any CPU
		{690070AF-8D52-42AF-B4BD-C0A0AC903333}.Debug|Any CPU.Build.0 = Debug|Any CPU
		{690070AF-8D52-42AF-B4BD-C0A0AC903333}.FileBroker Debug|Any CPU.ActiveCfg = Debug|Any CPU
		{690070AF-8D52-42AF-B4BD-C0A0AC903333}.FileBroker Debug|Any CPU.Build.0 = Debug|Any CPU
		{690070AF-8D52-42AF-B4BD-C0A0AC903333}.FOAEA Debug|Any CPU.ActiveCfg = Debug|Any CPU
		{690070AF-8D52-42AF-B4BD-C0A0AC903333}.FOAEA Debug|Any CPU.Build.0 = Debug|Any CPU
		{690070AF-8D52-42AF-B4BD-C0A0AC903333}.Ops Debug|Any CPU.ActiveCfg = Debug|Any CPU
		{690070AF-8D52-42AF-B4BD-C0A0AC903333}.Ops Debug|Any CPU.Build.0 = Debug|Any CPU
		{690070AF-8D52-42AF-B4BD-C0A0AC903333}.Release|Any CPU.ActiveCfg = Release|Any CPU
		{690070AF-8D52-42AF-B4BD-C0A0AC903333}.Release|Any CPU.Build.0 = Release|Any CPU
		{690070AF-8D52-42AF-B4BD-C0A0AC903333}.Tests|Any CPU.ActiveCfg = Debug|Any CPU
		{690070AF-8D52-42AF-B4BD-C0A0AC903333}.Tests|Any CPU.Build.0 = Debug|Any CPU
		{16C77BCD-AFDB-4DE8-B626-18028836101C}.BackendProcesses Debug|Any CPU.ActiveCfg = Debug|Any CPU
		{16C77BCD-AFDB-4DE8-B626-18028836101C}.BackendProcesses Debug|Any CPU.Build.0 = Debug|Any CPU
		{16C77BCD-AFDB-4DE8-B626-18028836101C}.Debug|Any CPU.ActiveCfg = Debug|Any CPU
		{16C77BCD-AFDB-4DE8-B626-18028836101C}.Debug|Any CPU.Build.0 = Debug|Any CPU
		{16C77BCD-AFDB-4DE8-B626-18028836101C}.FileBroker Debug|Any CPU.ActiveCfg = Debug|Any CPU
		{16C77BCD-AFDB-4DE8-B626-18028836101C}.FileBroker Debug|Any CPU.Build.0 = Debug|Any CPU
		{16C77BCD-AFDB-4DE8-B626-18028836101C}.FOAEA Debug|Any CPU.ActiveCfg = Debug|Any CPU
		{16C77BCD-AFDB-4DE8-B626-18028836101C}.FOAEA Debug|Any CPU.Build.0 = Debug|Any CPU
		{16C77BCD-AFDB-4DE8-B626-18028836101C}.Ops Debug|Any CPU.ActiveCfg = Debug|Any CPU
		{16C77BCD-AFDB-4DE8-B626-18028836101C}.Ops Debug|Any CPU.Build.0 = Debug|Any CPU
		{16C77BCD-AFDB-4DE8-B626-18028836101C}.Release|Any CPU.ActiveCfg = Release|Any CPU
		{16C77BCD-AFDB-4DE8-B626-18028836101C}.Release|Any CPU.Build.0 = Release|Any CPU
		{16C77BCD-AFDB-4DE8-B626-18028836101C}.Tests|Any CPU.ActiveCfg = Debug|Any CPU
		{16C77BCD-AFDB-4DE8-B626-18028836101C}.Tests|Any CPU.Build.0 = Debug|Any CPU
	EndGlobalSection
	GlobalSection(SolutionProperties) = preSolution
		HideSolutionNode = FALSE
	EndGlobalSection
	GlobalSection(NestedProjects) = preSolution
		{91A6A037-BD6B-4A16-94C3-9586FB4007CF} = {171732AE-52EC-46F8-90CD-6BDB7B8B670E}
		{F132EC64-0905-4EC4-BFC8-858E80D2C24E} = {171732AE-52EC-46F8-90CD-6BDB7B8B670E}
		{E0EFEAA6-6C98-4945-BA80-D010720D002F} = {171732AE-52EC-46F8-90CD-6BDB7B8B670E}
		{45CB9041-7949-4B43-A9F7-4E33D544201F} = {1C1C9BAE-8056-48E4-B980-06D1EF2C655D}
		{51DD54DD-2B6E-4A08-BD4C-2C7EE52A3090} = {1C1C9BAE-8056-48E4-B980-06D1EF2C655D}
		{F186A267-A4E3-4646-9042-B2C5375B1FC4} = {1C1C9BAE-8056-48E4-B980-06D1EF2C655D}
		{595CE312-FC7D-402B-BC20-2FA38A186CCB} = {1C1C9BAE-8056-48E4-B980-06D1EF2C655D}
		{815F840C-145F-4068-BB12-113494546B5A} = {171732AE-52EC-46F8-90CD-6BDB7B8B670E}
		{B0784413-6749-445A-9102-E6C566E2C638} = {815F840C-145F-4068-BB12-113494546B5A}
		{8917D5A5-6801-4368-AACD-BC65A546F19D} = {1C1C9BAE-8056-48E4-B980-06D1EF2C655D}
		{523CD6E9-6D17-4C7B-8889-BE2A2FBEC895} = {1C1C9BAE-8056-48E4-B980-06D1EF2C655D}
		{1E628D9F-F7CB-4BB0-BFB2-E8521546D0F8} = {1C1C9BAE-8056-48E4-B980-06D1EF2C655D}
		{E40AF752-739D-44DD-9D76-4F0610767812} = {1C1C9BAE-8056-48E4-B980-06D1EF2C655D}
		{2F351919-565B-430C-816F-8BAB3996E840} = {171732AE-52EC-46F8-90CD-6BDB7B8B670E}
		{A566E653-F632-498E-9DD1-A03434E82A08} = {815F840C-145F-4068-BB12-113494546B5A}
		{7F22323A-637B-43DF-86F8-07DDFAF9348D} = {1C1C9BAE-8056-48E4-B980-06D1EF2C655D}
		{5F16F983-80F8-4698-98E7-2EC9360CA183} = {1C1C9BAE-8056-48E4-B980-06D1EF2C655D}
		{D237B2A1-7AAE-4D71-876C-DDFB9217196F} = {1C1C9BAE-8056-48E4-B980-06D1EF2C655D}
		{245FCF12-0820-43FA-927B-46734F83E3E5} = {1C1C9BAE-8056-48E4-B980-06D1EF2C655D}
		{4136246D-C681-4DDD-AA70-A8AEC53EED72} = {1C1C9BAE-8056-48E4-B980-06D1EF2C655D}
		{EEAA64C2-292D-4BD5-AC4B-09E202622E53} = {1C1C9BAE-8056-48E4-B980-06D1EF2C655D}
		{1A01E511-AC78-432F-B091-691C35C0826A} = {1C1C9BAE-8056-48E4-B980-06D1EF2C655D}
		{0AABE5D9-A8BA-4289-B4B4-5E0141A081EE} = {1C1C9BAE-8056-48E4-B980-06D1EF2C655D}
		{37E31B84-D758-4E28-AAB7-00070FD1527E} = {1C1C9BAE-8056-48E4-B980-06D1EF2C655D}
		{3710B1B9-3D29-4878-A7C0-7017D52CFFA9} = {CA65889E-DE0F-4E71-B8F5-4A723BA9F69E}
		{51E11DE1-5CA6-4910-B1E4-CA8F5960B4D6} = {171732AE-52EC-46F8-90CD-6BDB7B8B670E}
		{15441CD0-0ADB-4A72-A4F1-D67B3E4CE168} = {171732AE-52EC-46F8-90CD-6BDB7B8B670E}
		{1CEDB2AE-9528-46A5-AD60-B0DDDBD4A942} = {1C1C9BAE-8056-48E4-B980-06D1EF2C655D}
		{ECD144E5-2411-4D01-ADF2-E6B01931A553} = {171732AE-52EC-46F8-90CD-6BDB7B8B670E}
		{70EC9CB3-8DDB-41FD-888A-9589709DFFB0} = {1C1C9BAE-8056-48E4-B980-06D1EF2C655D}
		{8827F98A-7DF2-4E2A-82E7-FA06988C30B8} = {1C1C9BAE-8056-48E4-B980-06D1EF2C655D}
		{33A95810-1DF1-4EB3-B27B-AE98395364B6} = {171732AE-52EC-46F8-90CD-6BDB7B8B670E}
		{72EDD86C-8E3A-4FB9-A9D3-DDC8B059F714} = {33A95810-1DF1-4EB3-B27B-AE98395364B6}
		{FB8D9EE7-1D0D-418A-8EEC-E1CB314E9BC9} = {171732AE-52EC-46F8-90CD-6BDB7B8B670E}
		{690070AF-8D52-42AF-B4BD-C0A0AC903333} = {1C1C9BAE-8056-48E4-B980-06D1EF2C655D}
		{16C77BCD-AFDB-4DE8-B626-18028836101C} = {171732AE-52EC-46F8-90CD-6BDB7B8B670E}
	EndGlobalSection
	GlobalSection(ExtensibilityGlobals) = postSolution
		SolutionGuid = {99246A42-D532-41A0-9F19-8559DBF2F7F4}
	EndGlobalSection
EndGlobal
